
Microsoft Visual Studio Solution File, Format Version 12.00
# Visual Studio 15
VisualStudioVersion = 15.0.26403.7
MinimumVisualStudioVersion = 10.0.40219.1
Project("{2150E333-8FDC-42A3-9474-1A3956D46DE8}") = "01 Découverte", "01 Découverte", "{CDC0A718-1EF8-4E41-93EE-8F65960DB101}"
EndProject
Project("{2150E333-8FDC-42A3-9474-1A3956D46DE8}") = "1 Exemple 001", "1 Exemple 001", "{1E97A52B-911D-4601-B729-E9544BA13DA3}"
EndProject
Project("{2150E333-8FDC-42A3-9474-1A3956D46DE8}") = "2 Exemple 003", "2 Exemple 003", "{F94009F7-397E-48E2-B168-10251588DF38}"
EndProject
Project("{F184B08F-C81C-45F6-A57F-5ABD9991F28F}") = "R2D2Pret", "R2D2Pret\R2D2Pret.vbproj", "{1D541094-493E-4835-B634-22A5A92D3B5F}"
EndProject
Project("{F184B08F-C81C-45F6-A57F-5ABD9991F28F}") = "R2D2Pret2", "R2D2Pret2\R2D2Pret2.vbproj", "{D93BAE6B-C773-47AE-B6D8-A8B56C7AA20B}"
EndProject
Project("{2150E333-8FDC-42A3-9474-1A3956D46DE8}") = "Boss1", "Boss1", "{08D42DBF-DAD3-4D9D-BDD0-E92F2F6C1768}"
EndProject
Project("{F184B08F-C81C-45F6-A57F-5ABD9991F28F}") = "Boss1", "Boss1\Boss1.vbproj", "{FE365008-1E86-41E2-A045-6AC03E3E37E0}"
EndProject
Project("{F184B08F-C81C-45F6-A57F-5ABD9991F28F}") = "BossClassLibrary", "BossClassLibrary\BossClassLibrary.vbproj", "{19A89037-B346-442F-813B-D6E062865629}"
EndProject
Project("{2150E333-8FDC-42A3-9474-1A3956D46DE8}") = "02 Variables et instructions", "02 Variables et instructions", "{4486C377-15A2-45C0-B2D8-5A291FF2124E}"
EndProject
Project("{2150E333-8FDC-42A3-9474-1A3956D46DE8}") = "1 les variables", "1 les variables", "{1D1FF455-5919-443E-A54F-659EEB0598EE}"
EndProject
Project("{2150E333-8FDC-42A3-9474-1A3956D46DE8}") = "2 boucles et conditions", "2 boucles et conditions", "{660C7B65-6F5E-423A-BDAE-F51865ABA29C}"
EndProject
Project("{2150E333-8FDC-42A3-9474-1A3956D46DE8}") = "3 tableaux et listes", "3 tableaux et listes", "{546AB435-0358-4A07-B660-AC54E6D6BB65}"
EndProject
Project("{2150E333-8FDC-42A3-9474-1A3956D46DE8}") = "Boss 2", "Boss 2", "{C40C0385-4BE3-4E7E-B732-058DC3F6338A}"
EndProject
Project("{2150E333-8FDC-42A3-9474-1A3956D46DE8}") = "03 Methodes et classes", "03 Methodes et classes", "{22E88B90-5440-44FD-92F0-F7EDE99B6ED4}"
EndProject
Project("{2150E333-8FDC-42A3-9474-1A3956D46DE8}") = "1 methodes", "1 methodes", "{D2FA8552-8ADA-43FA-8E23-B77681728A70}"
EndProject
Project("{2150E333-8FDC-42A3-9474-1A3956D46DE8}") = "2 classes et heritages", "2 classes et heritages", "{C0922B24-997B-4B31-BFE6-12BA8AE4F20A}"
EndProject
Project("{2150E333-8FDC-42A3-9474-1A3956D46DE8}") = "04 EXCEPTIONS", "04 EXCEPTIONS", "{7575BD0B-8E1A-4DB5-A6B2-1536E82FA3A5}"
EndProject
Project("{2150E333-8FDC-42A3-9474-1A3956D46DE8}") = "05 Fichiers", "05 Fichiers", "{B60BBD84-4319-4E43-B927-0B5CB778F830}"
EndProject
Project("{2150E333-8FDC-42A3-9474-1A3956D46DE8}") = "06 Ado.net", "06 Ado.net", "{443D84BF-0C96-4585-BD98-5586AC2F5113}"
EndProject
Project("{2150E333-8FDC-42A3-9474-1A3956D46DE8}") = "Exemple 004", "Exemple 004", "{53023134-90FD-43C1-B022-1E50BFBA736C}"
EndProject
Project("{2150E333-8FDC-42A3-9474-1A3956D46DE8}") = "Exemple 005", "Exemple 005", "{5AFA700A-8453-4209-8C0C-589924A59E0C}"
EndProject
Project("{2150E333-8FDC-42A3-9474-1A3956D46DE8}") = "Exemple 006", "Exemple 006", "{509CE046-1916-4114-8442-DB01A85EB612}"
EndProject
Project("{F184B08F-C81C-45F6-A57F-5ABD9991F28F}") = "1R2D2prendVieLesTypesPrimitifs", "1R2D2prendVieLesTypesPrimitifs\1R2D2prendVieLesTypesPrimitifs.vbproj", "{277BEC40-05C3-4389-B31A-76AA06127DFE}"
EndProject
Project("{F184B08F-C81C-45F6-A57F-5ABD9991F28F}") = "2R2D2prendVie", "2R2D2prendVie\2R2D2prendVie.vbproj", "{518C9D36-2FCE-4C79-89CF-8BA84098C599}"
EndProject
Project("{F184B08F-C81C-45F6-A57F-5ABD9991F28F}") = "3R2D2prendVieOperateurs", "3R2D2prendVieOperateurs\3R2D2prendVieOperateurs.vbproj", "{19F5FD15-A03B-4B43-A5D1-BD11D089B508}"
EndProject
Project("{F184B08F-C81C-45F6-A57F-5ABD9991F28F}") = "6R2D2pretString", "6R2D2pretString\6R2D2pretString.vbproj", "{5A253CA1-98E9-4962-BFEB-6116392EFF34}"
EndProject
Project("{2150E333-8FDC-42A3-9474-1A3956D46DE8}") = "Exemple 007", "Exemple 007", "{DFAD4C34-C43F-4CE0-8BB4-9982819F53DA}"
EndProject
Project("{F184B08F-C81C-45F6-A57F-5ABD9991F28F}") = "7R2D2pretConditionEtIteration", "7R2D2pretConditionEtIteration\7R2D2pretConditionEtIteration.vbproj", "{519C070D-2F1B-44AF-9689-E76984BC44A7}"
EndProject
Project("{2150E333-8FDC-42A3-9474-1A3956D46DE8}") = "Exemple 008", "Exemple 008", "{89063529-C87C-4886-942D-DC4B3E91EE2A}"
EndProject
Project("{2150E333-8FDC-42A3-9474-1A3956D46DE8}") = "Exemple 009", "Exemple 009", "{B19EF4FA-E51C-48D1-A838-CCA89A8E0119}"
EndProject
Project("{F184B08F-C81C-45F6-A57F-5ABD9991F28F}") = "8R2D2pretTableau", "8R2D2pretTableau\8R2D2pretTableau.vbproj", "{D64A6449-D70E-4859-B612-47A98DC2E425}"
EndProject
Project("{F184B08F-C81C-45F6-A57F-5ABD9991F28F}") = "TriEtParcoursTableau", "TriEtParcoursTableau\TriEtParcoursTableau.vbproj", "{DBAF0EAC-3BAA-4AC5-9F38-C72171C41459}"
EndProject
Project("{F184B08F-C81C-45F6-A57F-5ABD9991F28F}") = "TableauDeTableau", "TableauDeTableau\TableauDeTableau.vbproj", "{F3819CAE-2A28-4A09-8C4C-A7C41B8CC1D1}"
EndProject
Project("{F184B08F-C81C-45F6-A57F-5ABD9991F28F}") = "9R2D2pretListe", "9R2D2pretListe\9R2D2pretListe.vbproj", "{A6F45E62-5646-4D35-AAE3-96BCBFC34236}"
EndProject
Project("{F184B08F-C81C-45F6-A57F-5ABD9991F28F}") = "Boss2", "Boss2\Boss2.vbproj", "{EB18A302-9D8C-4B22-8C63-D5A1BFE2C474}"
EndProject
Project("{2150E333-8FDC-42A3-9474-1A3956D46DE8}") = "1 Exemple 010", "1 Exemple 010", "{0CCBEDFE-0A45-4FCD-9E8B-B6294EA90395}"
EndProject
Project("{2150E333-8FDC-42A3-9474-1A3956D46DE8}") = "2 Exemple 011", "2 Exemple 011", "{7FCF3A20-1913-46C4-BF07-3C20993E7BE8}"
EndProject
Project("{2150E333-8FDC-42A3-9474-1A3956D46DE8}") = "Boss 3", "Boss 3", "{67BBE59B-F814-4F3C-A15D-46A150E462B0}"
EndProject
Project("{F184B08F-C81C-45F6-A57F-5ABD9991F28F}") = "10CsharpCodageRobotAvecMethodes", "10CsharpCodageRobotAvecMethodes\10CsharpCodageRobotAvecMethodes.vbproj", "{8B113388-AC37-44D2-981A-FAD91D4D987E}"
EndProject
Project("{F184B08F-C81C-45F6-A57F-5ABD9991F28F}") = "11CsharpCodageRobotAvecMethodesSurcharges", "11CsharpCodageRobotAvecMethodesSurcharges\11CsharpCodageRobotAvecMethodesSurcharges.vbproj", "{8A7A5A17-13F9-44DB-812F-59D02F09810B}"
EndProject
Project("{F184B08F-C81C-45F6-A57F-5ABD9991F28F}") = "CsharpCodageRobot3", "CsharpCodageRobot3\CsharpCodageRobot3.vbproj", "{774903CE-EA5E-48EF-BC04-65C66A2A0C51}"
EndProject
Project("{2150E333-8FDC-42A3-9474-1A3956D46DE8}") = "1 Exemple 012", "1 Exemple 012", "{2E2E51FA-ED6D-4012-AF7E-EEAC334CA573}"
EndProject
Project("{2150E333-8FDC-42A3-9474-1A3956D46DE8}") = "2 Exemple 013", "2 Exemple 013", "{C4E2D392-B626-4D5F-BC09-49EDDFB4D9BD}"
EndProject
Project("{2150E333-8FDC-42A3-9474-1A3956D46DE8}") = "3 Exemple 014", "3 Exemple 014", "{8786446A-990B-4708-93D2-F8268AC24184}"
EndProject
Project("{2150E333-8FDC-42A3-9474-1A3956D46DE8}") = "Boss 4", "Boss 4", "{8D9B1C32-3EB3-499F-8BE2-08C127DDD22D}"
EndProject
Project("{F184B08F-C81C-45F6-A57F-5ABD9991F28F}") = "012DesClassesEtDesObjets", "012DesClassesEtDesObjets\012DesClassesEtDesObjets.vbproj", "{4298B825-895C-4409-A3ED-FE7120642383}"
EndProject
Project("{F184B08F-C81C-45F6-A57F-5ABD9991F28F}") = "013DesClassesEtDesObjetsUtilisation", "013DesClassesEtDesObjetsUtilisation\013DesClassesEtDesObjetsUtilisation.vbproj", "{225A9FA9-CA06-4E5F-8156-A2DF08157999}"
EndProject
Project("{F184B08F-C81C-45F6-A57F-5ABD9991F28F}") = "014DesClassesEtDesObjetsUtilisationHeritage", "014DesClassesEtDesObjetsUtilisationHeritage\014DesClassesEtDesObjetsUtilisationHeritage.vbproj", "{2A2D48FD-1456-4D46-AA88-D29902C4CDC5}"
EndProject
Project("{F184B08F-C81C-45F6-A57F-5ABD9991F28F}") = "LesRobots", "LesRobots\LesRobots.vbproj", "{E7BD2BFD-F7AF-4BC4-91B1-3D30D5DD3993}"
EndProject
Project("{F184B08F-C81C-45F6-A57F-5ABD9991F28F}") = "LattaqueDesClones", "LattaqueDesClones\LattaqueDesClones.vbproj", "{1950B87A-A3A4-4960-BA8A-D4FBC5D3589E}"
EndProject
Project("{2150E333-8FDC-42A3-9474-1A3956D46DE8}") = "Exemple 015", "Exemple 015", "{37CEA13F-39E4-42C7-9974-774F92E9785B}"
EndProject
Project("{F184B08F-C81C-45F6-A57F-5ABD9991F28F}") = "15ApprendreEtComprendreExceptions", "15ApprendreEtComprendreExceptions\15ApprendreEtComprendreExceptions.vbproj", "{A4231295-5D4B-4D68-97B7-AE7D03C0934B}"
EndProject
Project("{2150E333-8FDC-42A3-9474-1A3956D46DE8}") = "Exemple 016", "Exemple 016", "{2F807A31-0D37-44C7-A56B-6546C1DCE3EF}"
EndProject
Project("{F184B08F-C81C-45F6-A57F-5ABD9991F28F}") = "LireEcrireFichiers", "LireEcrireFichiers\LireEcrireFichiers.vbproj", "{E298BC97-F2CC-47F6-8FA6-8B04547507EE}"
EndProject
Project("{2150E333-8FDC-42A3-9474-1A3956D46DE8}") = "05.5 Boss 5", "05.5 Boss 5", "{258B0F52-2102-40CD-81D0-875B73FA5516}"
EndProject
Project("{F184B08F-C81C-45F6-A57F-5ABD9991F28F}") = "LattaqueDesClones2", "LattaqueDesClones2\LattaqueDesClones2.vbproj", "{F64932DE-BB6A-4CBD-90F9-0430037BB217}"
EndProject
Project("{F184B08F-C81C-45F6-A57F-5ABD9991F28F}") = "LesRobotsBoss5", "LesRobotsBoss5\LesRobotsBoss5.vbproj", "{B34FE43F-34A9-446E-8636-AA74B3451243}"
EndProject
Project("{2150E333-8FDC-42A3-9474-1A3956D46DE8}") = "Zoom sur - My", "Zoom sur - My", "{8176B9A3-FE4A-4131-B0CA-F74AEC8A5C0C}"
EndProject
Project("{F184B08F-C81C-45F6-A57F-5ABD9991F28F}") = "ExempleMy", "ExempleMy\ExempleMy.vbproj", "{53DBAC5E-70FE-4FB7-AE49-1BCD1802AF77}"
EndProject
Project("{2150E333-8FDC-42A3-9474-1A3956D46DE8}") = "Exemple 017", "Exemple 017", "{6DF7A419-4545-4206-96CB-58588DC067DA}"
EndProject
Project("{F184B08F-C81C-45F6-A57F-5ABD9991F28F}") = "mission017_01_serialisation", "ConsoleApp1\mission017_01_serialisation.vbproj", "{F9DB7901-CC1D-43C5-BF4F-26EF1236C280}"
EndProject
Project("{F184B08F-C81C-45F6-A57F-5ABD9991F28F}") = "mission017_00_serialisation", "mission017_serialisation\mission017_00_serialisation.vbproj", "{121FE4A4-98A1-4C0C-AE6C-5EE8E91269F8}"
EndProject
Project("{2150E333-8FDC-42A3-9474-1A3956D46DE8}") = "Exemple 018", "Exemple 018", "{79F1B05D-C2F1-4A86-8FA5-B4366D6BCEBF}"
EndProject
Project("{F184B08F-C81C-45F6-A57F-5ABD9991F28F}") = "PremiersPasAdoNet", "PremiersPasAdoNet\PremiersPasAdoNet.vbproj", "{5504EA83-F11A-45D2-A826-93FD39FF1C50}"
EndProject
Project("{2150E333-8FDC-42A3-9474-1A3956D46DE8}") = "Exemple 019", "Exemple 019", "{A842C059-5283-4964-8775-5BD390B15101}"
EndProject
Project("{F184B08F-C81C-45F6-A57F-5ABD9991F28F}") = "LectureDonnees", "LectureDonnees\LectureDonnees.vbproj", "{68788E3E-FA3F-43BF-9DCC-6A72814D8BD2}"
EndProject
Project("{F184B08F-C81C-45F6-A57F-5ABD9991F28F}") = "LesRobotsBoss5_avant_modif", "LesRobotsBoss5_avant_modif\LesRobotsBoss5_avant_modif.vbproj", "{3F02E208-FC18-46F9-834C-10D622F636CC}"
EndProject
Project("{2150E333-8FDC-42A3-9474-1A3956D46DE8}") = "07 Evenements", "07 Evenements", "{3FCEB1E6-EA83-475A-8F21-36309A55957C}"
EndProject
Project("{2150E333-8FDC-42A3-9474-1A3956D46DE8}") = "Exemple 020", "Exemple 020", "{9B06A902-9E20-4998-837D-2842757E7E44}"
EndProject
Project("{F184B08F-C81C-45F6-A57F-5ABD9991F28F}") = "InsertionManuelDonnees", "InsertionManuelDonnees\InsertionManuelDonnees.vbproj", "{ECBED539-5770-4151-9970-0E6731D46AF3}"
EndProject
Project("{2150E333-8FDC-42A3-9474-1A3956D46DE8}") = "Exemple 021", "Exemple 021", "{362E38C5-D0E9-4AAB-9184-141B00F3F513}"
EndProject
Project("{F184B08F-C81C-45F6-A57F-5ABD9991F28F}") = "InsertionManuelDonnees_MySQLHelper", "InsertionManuelDonnees_MySQLHelper\InsertionManuelDonnees_MySQLHelper.vbproj", "{13171B41-6C02-4AE0-B47B-29B76836BBF5}"
EndProject
Project("{F184B08F-C81C-45F6-A57F-5ABD9991F28F}") = "InsertionManuelDonnees_AvecParametres", "InsertionManuelDonnees_AvecParametres\InsertionManuelDonnees_AvecParametres.vbproj", "{AC4E7215-6A27-45A4-8BA1-D6D1A7051A5B}"
EndProject
Project("{2150E333-8FDC-42A3-9474-1A3956D46DE8}") = "Exemple 022", "Exemple 022", "{AE48C22A-3DB3-4441-8B07-08BDACCEB94E}"
EndProject
Project("{F184B08F-C81C-45F6-A57F-5ABD9991F28F}") = "InsertionManuelDonnees_MySQLHelper_Pooling", "InsertionManuelDonnees_MySQLHelper_Pooling\InsertionManuelDonnees_MySQLHelper_Pooling.vbproj", "{3719DD81-3019-4501-A50F-0573AF86B881}"
EndProject
Project("{2150E333-8FDC-42A3-9474-1A3956D46DE8}") = "Exemple 023", "Exemple 023", "{54E103AE-D9B8-4B22-9054-AD7EB46FD686}"
EndProject
Project("{F184B08F-C81C-45F6-A57F-5ABD9991F28F}") = "InsertionManuelDonnees_MyScripting", "InsertionManuelDonnees_MyScripting\InsertionManuelDonnees_MyScripting.vbproj", "{6AB10F04-9791-46A4-A320-768DFA188E8C}"
EndProject
Project("{2150E333-8FDC-42A3-9474-1A3956D46DE8}") = "Exemple 024", "Exemple 024", "{94F53708-967F-4E20-A429-6898AA982A47}"
EndProject
Project("{F184B08F-C81C-45F6-A57F-5ABD9991F28F}") = "Evenements_Utilisation", "Evenements_Utilisation\Evenements_Utilisation.vbproj", "{9821FD00-8D09-4AEA-BB99-E64B96E25D39}"
EndProject
Project("{2150E333-8FDC-42A3-9474-1A3956D46DE8}") = "Exemple 025", "Exemple 025", "{DDA2CED7-869A-4784-956F-0C82647D8AD4}"
EndProject
Project("{F184B08F-C81C-45F6-A57F-5ABD9991F28F}") = "Evenements_CreationConsommation", "Evenements_CreationConsommation\Evenements_CreationConsommation.vbproj", "{5742AA91-5A9C-4570-B521-BF0995E81361}"
EndProject
Project("{2150E333-8FDC-42A3-9474-1A3956D46DE8}") = "7.1 Boss 6", "7.1 Boss 6", "{6453A732-257C-41C1-A5CE-38D437168654}"
EndProject
Project("{F184B08F-C81C-45F6-A57F-5ABD9991F28F}") = "Boss6_Evenements", "Boss6_Evenements\Boss6_Evenements.vbproj", "{AD686E52-55AC-4E37-825B-E19CAED5014B}"
EndProject
Project("{2150E333-8FDC-42A3-9474-1A3956D46DE8}") = "Exemple 026", "Exemple 026", "{A39A0904-8682-4118-8BD9-7C0817621395}"
EndProject
Project("{F184B08F-C81C-45F6-A57F-5ABD9991F28F}") = "Evenements_CreationConsommation2", "Evenements_CreationConsommation2\Evenements_CreationConsommation2.vbproj", "{64D59DF8-9378-4A8C-8D9E-3A32697F9121}"
EndProject
Project("{2150E333-8FDC-42A3-9474-1A3956D46DE8}") = "08 Ado.net (bis)", "08 Ado.net (bis)", "{E7DBB1DC-D0E9-4477-A449-BC36B3BDF41C}"
EndProject
Project("{2150E333-8FDC-42A3-9474-1A3956D46DE8}") = "09 Lambda et LINQ", "09 Lambda et LINQ", "{8B186B70-96E3-43CA-A96A-1BA5C1FE57AE}"
EndProject
Project("{2150E333-8FDC-42A3-9474-1A3956D46DE8}") = "10 Entities", "10 Entities", "{F2743A31-5A98-4F97-9117-C38F3652DFDF}"
EndProject
Project("{F184B08F-C81C-45F6-A57F-5ABD9991F28F}") = "DataTableDecouverte", "DataTableDecouverte\DataTableDecouverte.vbproj", "{AF1DC2C6-DBDF-42B7-9D3B-33D7A4D9E171}"
EndProject
Project("{2150E333-8FDC-42A3-9474-1A3956D46DE8}") = "Exemple 027", "Exemple 027", "{143E48A2-2A32-497B-B0A6-250A4B2DCBF7}"
EndProject
Project("{2150E333-8FDC-42A3-9474-1A3956D46DE8}") = "Exemple 028", "Exemple 028", "{B726DC3E-8E34-4A41-9DD0-94A10AD484FF}"
EndProject
Project("{F184B08F-C81C-45F6-A57F-5ABD9991F28F}") = "DataTablePlus", "DataTablePlus\DataTablePlus.vbproj", "{DE34262F-6F66-4E16-9841-8A67160A7746}"
EndProject
Project("{2150E333-8FDC-42A3-9474-1A3956D46DE8}") = "Exemple 030", "Exemple 030", "{3EE6AF3E-F5C2-4113-9698-D845B041C96A}"
EndProject
Project("{F184B08F-C81C-45F6-A57F-5ABD9991F28F}") = "DataSetDecouverte", "DataSetDecouverte\DataSetDecouverte.vbproj", "{ADB6997E-D45C-4E50-9D23-B45371E91480}"
EndProject
Project("{2150E333-8FDC-42A3-9474-1A3956D46DE8}") = "Exemple 029", "Exemple 029", "{62BC53C6-75EC-41D2-8944-72A775822160}"
EndProject
Project("{F184B08F-C81C-45F6-A57F-5ABD9991F28F}") = "DataTablePlusSave", "DataTablePlusSave\DataTablePlusSave.vbproj", "{CC3A132C-53DF-42F9-B6AC-FCA2867E16B1}"
EndProject
Project("{2150E333-8FDC-42A3-9474-1A3956D46DE8}") = "Exemple 031", "Exemple 031", "{0600399E-BB04-4261-A8AF-69D11F90314D}"
EndProject
Project("{F184B08F-C81C-45F6-A57F-5ABD9991F28F}") = "DataSetSerialisation", "DataSetSerialisation\DataSetSerialisation.vbproj", "{E136F09C-FA2A-44F1-9E15-4D9B96F74966}"
EndProject
Project("{2150E333-8FDC-42A3-9474-1A3956D46DE8}") = "Exemple 032", "Exemple 032", "{BE40F450-E1D9-4FBC-A005-5A7BE92D7918}"
EndProject
Project("{F184B08F-C81C-45F6-A57F-5ABD9991F28F}") = "DataSetSerialisationChargement", "DataSetSerialisationChargement\DataSetSerialisationChargement.vbproj", "{667773F9-4759-406E-B10A-262677C1D984}"
EndProject
Project("{2150E333-8FDC-42A3-9474-1A3956D46DE8}") = "Exemple 033", "Exemple 033", "{EEE63C49-D6AC-4D8F-BF1B-5FD6DD97BD95}"
EndProject
Project("{F184B08F-C81C-45F6-A57F-5ABD9991F28F}") = "AppelBddDataAdapter", "AppelBddDataAdapter\AppelBddDataAdapter.vbproj", "{DE955AF1-7C32-4721-BF59-65796B421583}"
EndProject
Project("{2150E333-8FDC-42A3-9474-1A3956D46DE8}") = "Exemple 034", "Exemple 034", "{9383D2A6-CA09-4E99-85C5-D0271AF6A611}"
EndProject
Project("{F184B08F-C81C-45F6-A57F-5ABD9991F28F}") = "AppelBddDataAdapterDataSet", "AppelBddDataAdapterDataSet\AppelBddDataAdapterDataSet.vbproj", "{19C921CA-FBD3-4174-8B37-C63AC1C558E2}"
EndProject
Project("{F184B08F-C81C-45F6-A57F-5ABD9991F28F}") = "AppelBddDataAdapterDataSet2", "AppelBddDataAdapterDataSet2\AppelBddDataAdapterDataSet2.vbproj", "{64F20997-CE85-4411-A96F-2CCA6E0D92A8}"
EndProject
Project("{2150E333-8FDC-42A3-9474-1A3956D46DE8}") = "Exemple 035", "Exemple 035", "{30E9DBC7-FE73-486E-A1D3-7399CF9EE9D2}"
EndProject
Project("{F184B08F-C81C-45F6-A57F-5ABD9991F28F}") = "AppelBddDataAdapterDataSetSaving", "AppelBddDataAdapterDataSetSaving\AppelBddDataAdapterDataSetSaving.vbproj", "{A61C5FDF-66EA-4D20-B464-D7F9CA0F7B28}"
EndProject
Project("{2150E333-8FDC-42A3-9474-1A3956D46DE8}") = "Exemple 036", "Exemple 036", "{6EE19908-D774-4CCD-B99E-BDB0CC6FCDCD}"
EndProject
Project("{F184B08F-C81C-45F6-A57F-5ABD9991F28F}") = "AppelBddDataAdapterCommandBuilder", "AppelBddDataAdapterCommandBuilder\AppelBddDataAdapterCommandBuilder.vbproj", "{9AFB0CA8-39D8-4E60-B4E2-9B67399A9D93}"
EndProject
Project("{F184B08F-C81C-45F6-A57F-5ABD9991F28F}") = "AppelBddDataAdapterDataSetSavingWithErrors", "AppelBddDataAdapterDataSetSavingWithErrors\AppelBddDataAdapterDataSetSavingWithErrors.vbproj", "{8B0F77F8-E272-4BA9-B84F-B8E3F84536F0}"
EndProject
Project("{2150E333-8FDC-42A3-9474-1A3956D46DE8}") = "Exemple 037", "Exemple 037", "{40699BA3-4601-4C29-91B8-B60FB4E9443F}"
EndProject
Project("{F184B08F-C81C-45F6-A57F-5ABD9991F28F}") = "AppelBddTransaction", "AppelBddTransaction\AppelBddTransaction.vbproj", "{224E364F-4B10-45A5-B8C0-0FCAF1851836}"
EndProject
Project("{2150E333-8FDC-42A3-9474-1A3956D46DE8}") = "Expressions Lambda", "Expressions Lambda", "{E9EA2ED4-2EBF-46FC-83DE-AADD2465876F}"
EndProject
Project("{2150E333-8FDC-42A3-9474-1A3956D46DE8}") = "LINQ", "LINQ", "{56CB6076-9CAC-4859-9A7D-69C3FB957C1A}"
EndProject
Project("{F184B08F-C81C-45F6-A57F-5ABD9991F28F}") = "DelegueCreerAppeler", "DelegueCreerAppeler\DelegueCreerAppeler.vbproj", "{E1BD7ECB-D357-4A0A-A7B4-49F2C773B4EE}"
EndProject
Project("{2150E333-8FDC-42A3-9474-1A3956D46DE8}") = "Exemple 038", "Exemple 038", "{020DE5C8-079B-422C-90D6-721750D7EC0E}"
EndProject
Project("{2150E333-8FDC-42A3-9474-1A3956D46DE8}") = "Exemple 039", "Exemple 039", "{F6784262-98A3-4BC6-9603-820438B0FF67}"
EndProject
Project("{F184B08F-C81C-45F6-A57F-5ABD9991F28F}") = "DelegueAvecMethode", "DelegueAvecMethode\DelegueAvecMethode.vbproj", "{0A581D11-AAA5-4695-A374-F3FB4216E3B5}"
EndProject
Project("{2150E333-8FDC-42A3-9474-1A3956D46DE8}") = "Exemple 040", "Exemple 040", "{E7191AA2-2008-42E4-BB84-0C7BB5D38B67}"
EndProject
Project("{F184B08F-C81C-45F6-A57F-5ABD9991F28F}") = "DelegueAvecActionFunc", "DelegueAvecActionFunc\DelegueAvecActionFunc.vbproj", "{F24D4055-F2F3-489E-AC68-99777299C51F}"
EndProject
Project("{2150E333-8FDC-42A3-9474-1A3956D46DE8}") = "Exemple 041", "Exemple 041", "{79B99DB4-1743-4E9D-A69B-8AB67E97E693}"
EndProject
Project("{F184B08F-C81C-45F6-A57F-5ABD9991F28F}") = "DelegueExpressionLambda", "DelegueExpressionLambda\DelegueExpressionLambda.vbproj", "{2C40EF57-DBDD-42E6-81AB-66DE6B431E5D}"
EndProject
Project("{F184B08F-C81C-45F6-A57F-5ABD9991F28F}") = "LinqEtLesCollections", "LinqEtLesCollections\LinqEtLesCollections.vbproj", "{D6C6BE2C-CE88-42C9-803A-6B07F4E0D7B4}"
EndProject
Project("{2150E333-8FDC-42A3-9474-1A3956D46DE8}") = "Exemple 042", "Exemple 042", "{E03169E1-BA5B-4E32-B5F0-4103AE44813A}"
EndProject
Project("{2150E333-8FDC-42A3-9474-1A3956D46DE8}") = "Exemple 043", "Exemple 043", "{D4AF176F-B230-4713-BE74-EC38590D1486}"
EndProject
Project("{F184B08F-C81C-45F6-A57F-5ABD9991F28F}") = "LinqEtLesCollectionsSumAggregate", "LinqEtLesCollectionsSumAggregate\LinqEtLesCollectionsSumAggregate.vbproj", "{25F8E4CF-35B7-4F7C-A8C8-070003BBFD5A}"
EndProject
Project("{2150E333-8FDC-42A3-9474-1A3956D46DE8}") = "Exemple 044", "Exemple 044", "{DD2801CA-B219-402E-B399-4879F2FB71CB}"
EndProject
Project("{F184B08F-C81C-45F6-A57F-5ABD9991F28F}") = "EntitiesFirst", "EntitiesFirst\EntitiesFirst.vbproj", "{C55D0FE3-4288-4670-81B7-D049CDECEB14}"
EndProject
Project("{2150E333-8FDC-42A3-9474-1A3956D46DE8}") = "Exemple 045", "Exemple 045", "{39C00BB5-905A-4905-B962-2D92CB84DFC9}"
EndProject
Project("{F184B08F-C81C-45F6-A57F-5ABD9991F28F}") = "EntitiesCrud", "EntitiesCrud\EntitiesCrud.vbproj", "{8F8268F1-89FD-4E38-8FC6-F559591C6A6C}"
EndProject
Global
	GlobalSection(SolutionConfigurationPlatforms) = preSolution
		Debug|Any CPU = Debug|Any CPU
		Release|Any CPU = Release|Any CPU
	EndGlobalSection
	GlobalSection(ProjectConfigurationPlatforms) = postSolution
		{1D541094-493E-4835-B634-22A5A92D3B5F}.Debug|Any CPU.ActiveCfg = Debug|Any CPU
		{1D541094-493E-4835-B634-22A5A92D3B5F}.Debug|Any CPU.Build.0 = Debug|Any CPU
		{1D541094-493E-4835-B634-22A5A92D3B5F}.Release|Any CPU.ActiveCfg = Release|Any CPU
		{1D541094-493E-4835-B634-22A5A92D3B5F}.Release|Any CPU.Build.0 = Release|Any CPU
		{D93BAE6B-C773-47AE-B6D8-A8B56C7AA20B}.Debug|Any CPU.ActiveCfg = Debug|Any CPU
		{D93BAE6B-C773-47AE-B6D8-A8B56C7AA20B}.Debug|Any CPU.Build.0 = Debug|Any CPU
		{D93BAE6B-C773-47AE-B6D8-A8B56C7AA20B}.Release|Any CPU.ActiveCfg = Release|Any CPU
		{D93BAE6B-C773-47AE-B6D8-A8B56C7AA20B}.Release|Any CPU.Build.0 = Release|Any CPU
		{FE365008-1E86-41E2-A045-6AC03E3E37E0}.Debug|Any CPU.ActiveCfg = Debug|Any CPU
		{FE365008-1E86-41E2-A045-6AC03E3E37E0}.Debug|Any CPU.Build.0 = Debug|Any CPU
		{FE365008-1E86-41E2-A045-6AC03E3E37E0}.Release|Any CPU.ActiveCfg = Release|Any CPU
		{FE365008-1E86-41E2-A045-6AC03E3E37E0}.Release|Any CPU.Build.0 = Release|Any CPU
		{19A89037-B346-442F-813B-D6E062865629}.Debug|Any CPU.ActiveCfg = Debug|Any CPU
		{19A89037-B346-442F-813B-D6E062865629}.Debug|Any CPU.Build.0 = Debug|Any CPU
		{19A89037-B346-442F-813B-D6E062865629}.Release|Any CPU.ActiveCfg = Release|Any CPU
		{19A89037-B346-442F-813B-D6E062865629}.Release|Any CPU.Build.0 = Release|Any CPU
		{277BEC40-05C3-4389-B31A-76AA06127DFE}.Debug|Any CPU.ActiveCfg = Debug|Any CPU
		{277BEC40-05C3-4389-B31A-76AA06127DFE}.Debug|Any CPU.Build.0 = Debug|Any CPU
		{277BEC40-05C3-4389-B31A-76AA06127DFE}.Release|Any CPU.ActiveCfg = Release|Any CPU
		{277BEC40-05C3-4389-B31A-76AA06127DFE}.Release|Any CPU.Build.0 = Release|Any CPU
		{518C9D36-2FCE-4C79-89CF-8BA84098C599}.Debug|Any CPU.ActiveCfg = Debug|Any CPU
		{518C9D36-2FCE-4C79-89CF-8BA84098C599}.Debug|Any CPU.Build.0 = Debug|Any CPU
		{518C9D36-2FCE-4C79-89CF-8BA84098C599}.Release|Any CPU.ActiveCfg = Release|Any CPU
		{518C9D36-2FCE-4C79-89CF-8BA84098C599}.Release|Any CPU.Build.0 = Release|Any CPU
		{19F5FD15-A03B-4B43-A5D1-BD11D089B508}.Debug|Any CPU.ActiveCfg = Debug|Any CPU
		{19F5FD15-A03B-4B43-A5D1-BD11D089B508}.Debug|Any CPU.Build.0 = Debug|Any CPU
		{19F5FD15-A03B-4B43-A5D1-BD11D089B508}.Release|Any CPU.ActiveCfg = Release|Any CPU
		{19F5FD15-A03B-4B43-A5D1-BD11D089B508}.Release|Any CPU.Build.0 = Release|Any CPU
		{5A253CA1-98E9-4962-BFEB-6116392EFF34}.Debug|Any CPU.ActiveCfg = Debug|Any CPU
		{5A253CA1-98E9-4962-BFEB-6116392EFF34}.Debug|Any CPU.Build.0 = Debug|Any CPU
		{5A253CA1-98E9-4962-BFEB-6116392EFF34}.Release|Any CPU.ActiveCfg = Release|Any CPU
		{5A253CA1-98E9-4962-BFEB-6116392EFF34}.Release|Any CPU.Build.0 = Release|Any CPU
		{519C070D-2F1B-44AF-9689-E76984BC44A7}.Debug|Any CPU.ActiveCfg = Debug|Any CPU
		{519C070D-2F1B-44AF-9689-E76984BC44A7}.Debug|Any CPU.Build.0 = Debug|Any CPU
		{519C070D-2F1B-44AF-9689-E76984BC44A7}.Release|Any CPU.ActiveCfg = Release|Any CPU
		{519C070D-2F1B-44AF-9689-E76984BC44A7}.Release|Any CPU.Build.0 = Release|Any CPU
		{D64A6449-D70E-4859-B612-47A98DC2E425}.Debug|Any CPU.ActiveCfg = Debug|Any CPU
		{D64A6449-D70E-4859-B612-47A98DC2E425}.Debug|Any CPU.Build.0 = Debug|Any CPU
		{D64A6449-D70E-4859-B612-47A98DC2E425}.Release|Any CPU.ActiveCfg = Release|Any CPU
		{D64A6449-D70E-4859-B612-47A98DC2E425}.Release|Any CPU.Build.0 = Release|Any CPU
		{DBAF0EAC-3BAA-4AC5-9F38-C72171C41459}.Debug|Any CPU.ActiveCfg = Debug|Any CPU
		{DBAF0EAC-3BAA-4AC5-9F38-C72171C41459}.Debug|Any CPU.Build.0 = Debug|Any CPU
		{DBAF0EAC-3BAA-4AC5-9F38-C72171C41459}.Release|Any CPU.ActiveCfg = Release|Any CPU
		{DBAF0EAC-3BAA-4AC5-9F38-C72171C41459}.Release|Any CPU.Build.0 = Release|Any CPU
		{F3819CAE-2A28-4A09-8C4C-A7C41B8CC1D1}.Debug|Any CPU.ActiveCfg = Debug|Any CPU
		{F3819CAE-2A28-4A09-8C4C-A7C41B8CC1D1}.Debug|Any CPU.Build.0 = Debug|Any CPU
		{F3819CAE-2A28-4A09-8C4C-A7C41B8CC1D1}.Release|Any CPU.ActiveCfg = Release|Any CPU
		{F3819CAE-2A28-4A09-8C4C-A7C41B8CC1D1}.Release|Any CPU.Build.0 = Release|Any CPU
		{A6F45E62-5646-4D35-AAE3-96BCBFC34236}.Debug|Any CPU.ActiveCfg = Debug|Any CPU
		{A6F45E62-5646-4D35-AAE3-96BCBFC34236}.Debug|Any CPU.Build.0 = Debug|Any CPU
		{A6F45E62-5646-4D35-AAE3-96BCBFC34236}.Release|Any CPU.ActiveCfg = Release|Any CPU
		{A6F45E62-5646-4D35-AAE3-96BCBFC34236}.Release|Any CPU.Build.0 = Release|Any CPU
		{EB18A302-9D8C-4B22-8C63-D5A1BFE2C474}.Debug|Any CPU.ActiveCfg = Debug|Any CPU
		{EB18A302-9D8C-4B22-8C63-D5A1BFE2C474}.Debug|Any CPU.Build.0 = Debug|Any CPU
		{EB18A302-9D8C-4B22-8C63-D5A1BFE2C474}.Release|Any CPU.ActiveCfg = Release|Any CPU
		{EB18A302-9D8C-4B22-8C63-D5A1BFE2C474}.Release|Any CPU.Build.0 = Release|Any CPU
		{8B113388-AC37-44D2-981A-FAD91D4D987E}.Debug|Any CPU.ActiveCfg = Debug|Any CPU
		{8B113388-AC37-44D2-981A-FAD91D4D987E}.Debug|Any CPU.Build.0 = Debug|Any CPU
		{8B113388-AC37-44D2-981A-FAD91D4D987E}.Release|Any CPU.ActiveCfg = Release|Any CPU
		{8B113388-AC37-44D2-981A-FAD91D4D987E}.Release|Any CPU.Build.0 = Release|Any CPU
		{8A7A5A17-13F9-44DB-812F-59D02F09810B}.Debug|Any CPU.ActiveCfg = Debug|Any CPU
		{8A7A5A17-13F9-44DB-812F-59D02F09810B}.Debug|Any CPU.Build.0 = Debug|Any CPU
		{8A7A5A17-13F9-44DB-812F-59D02F09810B}.Release|Any CPU.ActiveCfg = Release|Any CPU
		{8A7A5A17-13F9-44DB-812F-59D02F09810B}.Release|Any CPU.Build.0 = Release|Any CPU
		{774903CE-EA5E-48EF-BC04-65C66A2A0C51}.Debug|Any CPU.ActiveCfg = Debug|Any CPU
		{774903CE-EA5E-48EF-BC04-65C66A2A0C51}.Debug|Any CPU.Build.0 = Debug|Any CPU
		{774903CE-EA5E-48EF-BC04-65C66A2A0C51}.Release|Any CPU.ActiveCfg = Release|Any CPU
		{774903CE-EA5E-48EF-BC04-65C66A2A0C51}.Release|Any CPU.Build.0 = Release|Any CPU
		{4298B825-895C-4409-A3ED-FE7120642383}.Debug|Any CPU.ActiveCfg = Debug|Any CPU
		{4298B825-895C-4409-A3ED-FE7120642383}.Debug|Any CPU.Build.0 = Debug|Any CPU
		{4298B825-895C-4409-A3ED-FE7120642383}.Release|Any CPU.ActiveCfg = Release|Any CPU
		{4298B825-895C-4409-A3ED-FE7120642383}.Release|Any CPU.Build.0 = Release|Any CPU
		{225A9FA9-CA06-4E5F-8156-A2DF08157999}.Debug|Any CPU.ActiveCfg = Debug|Any CPU
		{225A9FA9-CA06-4E5F-8156-A2DF08157999}.Debug|Any CPU.Build.0 = Debug|Any CPU
		{225A9FA9-CA06-4E5F-8156-A2DF08157999}.Release|Any CPU.ActiveCfg = Release|Any CPU
		{225A9FA9-CA06-4E5F-8156-A2DF08157999}.Release|Any CPU.Build.0 = Release|Any CPU
		{2A2D48FD-1456-4D46-AA88-D29902C4CDC5}.Debug|Any CPU.ActiveCfg = Debug|Any CPU
		{2A2D48FD-1456-4D46-AA88-D29902C4CDC5}.Debug|Any CPU.Build.0 = Debug|Any CPU
		{2A2D48FD-1456-4D46-AA88-D29902C4CDC5}.Release|Any CPU.ActiveCfg = Release|Any CPU
		{2A2D48FD-1456-4D46-AA88-D29902C4CDC5}.Release|Any CPU.Build.0 = Release|Any CPU
		{E7BD2BFD-F7AF-4BC4-91B1-3D30D5DD3993}.Debug|Any CPU.ActiveCfg = Debug|Any CPU
		{E7BD2BFD-F7AF-4BC4-91B1-3D30D5DD3993}.Debug|Any CPU.Build.0 = Debug|Any CPU
		{E7BD2BFD-F7AF-4BC4-91B1-3D30D5DD3993}.Release|Any CPU.ActiveCfg = Release|Any CPU
		{E7BD2BFD-F7AF-4BC4-91B1-3D30D5DD3993}.Release|Any CPU.Build.0 = Release|Any CPU
		{1950B87A-A3A4-4960-BA8A-D4FBC5D3589E}.Debug|Any CPU.ActiveCfg = Debug|Any CPU
		{1950B87A-A3A4-4960-BA8A-D4FBC5D3589E}.Debug|Any CPU.Build.0 = Debug|Any CPU
		{1950B87A-A3A4-4960-BA8A-D4FBC5D3589E}.Release|Any CPU.ActiveCfg = Release|Any CPU
		{1950B87A-A3A4-4960-BA8A-D4FBC5D3589E}.Release|Any CPU.Build.0 = Release|Any CPU
		{A4231295-5D4B-4D68-97B7-AE7D03C0934B}.Debug|Any CPU.ActiveCfg = Debug|Any CPU
		{A4231295-5D4B-4D68-97B7-AE7D03C0934B}.Debug|Any CPU.Build.0 = Debug|Any CPU
		{A4231295-5D4B-4D68-97B7-AE7D03C0934B}.Release|Any CPU.ActiveCfg = Release|Any CPU
		{A4231295-5D4B-4D68-97B7-AE7D03C0934B}.Release|Any CPU.Build.0 = Release|Any CPU
		{E298BC97-F2CC-47F6-8FA6-8B04547507EE}.Debug|Any CPU.ActiveCfg = Debug|Any CPU
		{E298BC97-F2CC-47F6-8FA6-8B04547507EE}.Debug|Any CPU.Build.0 = Debug|Any CPU
		{E298BC97-F2CC-47F6-8FA6-8B04547507EE}.Release|Any CPU.ActiveCfg = Release|Any CPU
		{E298BC97-F2CC-47F6-8FA6-8B04547507EE}.Release|Any CPU.Build.0 = Release|Any CPU
		{F64932DE-BB6A-4CBD-90F9-0430037BB217}.Debug|Any CPU.ActiveCfg = Debug|Any CPU
		{F64932DE-BB6A-4CBD-90F9-0430037BB217}.Debug|Any CPU.Build.0 = Debug|Any CPU
		{F64932DE-BB6A-4CBD-90F9-0430037BB217}.Release|Any CPU.ActiveCfg = Release|Any CPU
		{F64932DE-BB6A-4CBD-90F9-0430037BB217}.Release|Any CPU.Build.0 = Release|Any CPU
		{B34FE43F-34A9-446E-8636-AA74B3451243}.Debug|Any CPU.ActiveCfg = Debug|Any CPU
		{B34FE43F-34A9-446E-8636-AA74B3451243}.Debug|Any CPU.Build.0 = Debug|Any CPU
		{B34FE43F-34A9-446E-8636-AA74B3451243}.Release|Any CPU.ActiveCfg = Release|Any CPU
		{B34FE43F-34A9-446E-8636-AA74B3451243}.Release|Any CPU.Build.0 = Release|Any CPU
		{53DBAC5E-70FE-4FB7-AE49-1BCD1802AF77}.Debug|Any CPU.ActiveCfg = Debug|Any CPU
		{53DBAC5E-70FE-4FB7-AE49-1BCD1802AF77}.Debug|Any CPU.Build.0 = Debug|Any CPU
		{53DBAC5E-70FE-4FB7-AE49-1BCD1802AF77}.Release|Any CPU.ActiveCfg = Release|Any CPU
		{53DBAC5E-70FE-4FB7-AE49-1BCD1802AF77}.Release|Any CPU.Build.0 = Release|Any CPU
		{F9DB7901-CC1D-43C5-BF4F-26EF1236C280}.Debug|Any CPU.ActiveCfg = Debug|Any CPU
		{F9DB7901-CC1D-43C5-BF4F-26EF1236C280}.Debug|Any CPU.Build.0 = Debug|Any CPU
		{F9DB7901-CC1D-43C5-BF4F-26EF1236C280}.Release|Any CPU.ActiveCfg = Release|Any CPU
		{F9DB7901-CC1D-43C5-BF4F-26EF1236C280}.Release|Any CPU.Build.0 = Release|Any CPU
		{121FE4A4-98A1-4C0C-AE6C-5EE8E91269F8}.Debug|Any CPU.ActiveCfg = Debug|Any CPU
		{121FE4A4-98A1-4C0C-AE6C-5EE8E91269F8}.Debug|Any CPU.Build.0 = Debug|Any CPU
		{121FE4A4-98A1-4C0C-AE6C-5EE8E91269F8}.Release|Any CPU.ActiveCfg = Release|Any CPU
		{121FE4A4-98A1-4C0C-AE6C-5EE8E91269F8}.Release|Any CPU.Build.0 = Release|Any CPU
		{5504EA83-F11A-45D2-A826-93FD39FF1C50}.Debug|Any CPU.ActiveCfg = Debug|Any CPU
		{5504EA83-F11A-45D2-A826-93FD39FF1C50}.Debug|Any CPU.Build.0 = Debug|Any CPU
		{5504EA83-F11A-45D2-A826-93FD39FF1C50}.Release|Any CPU.ActiveCfg = Release|Any CPU
		{5504EA83-F11A-45D2-A826-93FD39FF1C50}.Release|Any CPU.Build.0 = Release|Any CPU
		{68788E3E-FA3F-43BF-9DCC-6A72814D8BD2}.Debug|Any CPU.ActiveCfg = Debug|Any CPU
		{68788E3E-FA3F-43BF-9DCC-6A72814D8BD2}.Debug|Any CPU.Build.0 = Debug|Any CPU
		{68788E3E-FA3F-43BF-9DCC-6A72814D8BD2}.Release|Any CPU.ActiveCfg = Release|Any CPU
		{68788E3E-FA3F-43BF-9DCC-6A72814D8BD2}.Release|Any CPU.Build.0 = Release|Any CPU
		{3F02E208-FC18-46F9-834C-10D622F636CC}.Debug|Any CPU.ActiveCfg = Debug|Any CPU
		{3F02E208-FC18-46F9-834C-10D622F636CC}.Debug|Any CPU.Build.0 = Debug|Any CPU
		{3F02E208-FC18-46F9-834C-10D622F636CC}.Release|Any CPU.ActiveCfg = Release|Any CPU
		{3F02E208-FC18-46F9-834C-10D622F636CC}.Release|Any CPU.Build.0 = Release|Any CPU
		{ECBED539-5770-4151-9970-0E6731D46AF3}.Debug|Any CPU.ActiveCfg = Debug|Any CPU
		{ECBED539-5770-4151-9970-0E6731D46AF3}.Debug|Any CPU.Build.0 = Debug|Any CPU
		{ECBED539-5770-4151-9970-0E6731D46AF3}.Release|Any CPU.ActiveCfg = Release|Any CPU
		{ECBED539-5770-4151-9970-0E6731D46AF3}.Release|Any CPU.Build.0 = Release|Any CPU
		{13171B41-6C02-4AE0-B47B-29B76836BBF5}.Debug|Any CPU.ActiveCfg = Debug|Any CPU
		{13171B41-6C02-4AE0-B47B-29B76836BBF5}.Debug|Any CPU.Build.0 = Debug|Any CPU
		{13171B41-6C02-4AE0-B47B-29B76836BBF5}.Release|Any CPU.ActiveCfg = Release|Any CPU
		{13171B41-6C02-4AE0-B47B-29B76836BBF5}.Release|Any CPU.Build.0 = Release|Any CPU
		{AC4E7215-6A27-45A4-8BA1-D6D1A7051A5B}.Debug|Any CPU.ActiveCfg = Debug|Any CPU
		{AC4E7215-6A27-45A4-8BA1-D6D1A7051A5B}.Debug|Any CPU.Build.0 = Debug|Any CPU
		{AC4E7215-6A27-45A4-8BA1-D6D1A7051A5B}.Release|Any CPU.ActiveCfg = Release|Any CPU
		{AC4E7215-6A27-45A4-8BA1-D6D1A7051A5B}.Release|Any CPU.Build.0 = Release|Any CPU
		{3719DD81-3019-4501-A50F-0573AF86B881}.Debug|Any CPU.ActiveCfg = Debug|Any CPU
		{3719DD81-3019-4501-A50F-0573AF86B881}.Debug|Any CPU.Build.0 = Debug|Any CPU
		{3719DD81-3019-4501-A50F-0573AF86B881}.Release|Any CPU.ActiveCfg = Release|Any CPU
		{3719DD81-3019-4501-A50F-0573AF86B881}.Release|Any CPU.Build.0 = Release|Any CPU
		{6AB10F04-9791-46A4-A320-768DFA188E8C}.Debug|Any CPU.ActiveCfg = Debug|Any CPU
		{6AB10F04-9791-46A4-A320-768DFA188E8C}.Debug|Any CPU.Build.0 = Debug|Any CPU
		{6AB10F04-9791-46A4-A320-768DFA188E8C}.Release|Any CPU.ActiveCfg = Release|Any CPU
		{6AB10F04-9791-46A4-A320-768DFA188E8C}.Release|Any CPU.Build.0 = Release|Any CPU
		{9821FD00-8D09-4AEA-BB99-E64B96E25D39}.Debug|Any CPU.ActiveCfg = Debug|Any CPU
		{9821FD00-8D09-4AEA-BB99-E64B96E25D39}.Debug|Any CPU.Build.0 = Debug|Any CPU
		{9821FD00-8D09-4AEA-BB99-E64B96E25D39}.Release|Any CPU.ActiveCfg = Release|Any CPU
		{9821FD00-8D09-4AEA-BB99-E64B96E25D39}.Release|Any CPU.Build.0 = Release|Any CPU
		{5742AA91-5A9C-4570-B521-BF0995E81361}.Debug|Any CPU.ActiveCfg = Debug|Any CPU
		{5742AA91-5A9C-4570-B521-BF0995E81361}.Debug|Any CPU.Build.0 = Debug|Any CPU
		{5742AA91-5A9C-4570-B521-BF0995E81361}.Release|Any CPU.ActiveCfg = Release|Any CPU
		{5742AA91-5A9C-4570-B521-BF0995E81361}.Release|Any CPU.Build.0 = Release|Any CPU
		{AD686E52-55AC-4E37-825B-E19CAED5014B}.Debug|Any CPU.ActiveCfg = Debug|Any CPU
		{AD686E52-55AC-4E37-825B-E19CAED5014B}.Debug|Any CPU.Build.0 = Debug|Any CPU
		{AD686E52-55AC-4E37-825B-E19CAED5014B}.Release|Any CPU.ActiveCfg = Release|Any CPU
		{AD686E52-55AC-4E37-825B-E19CAED5014B}.Release|Any CPU.Build.0 = Release|Any CPU
		{64D59DF8-9378-4A8C-8D9E-3A32697F9121}.Debug|Any CPU.ActiveCfg = Debug|Any CPU
		{64D59DF8-9378-4A8C-8D9E-3A32697F9121}.Debug|Any CPU.Build.0 = Debug|Any CPU
		{64D59DF8-9378-4A8C-8D9E-3A32697F9121}.Release|Any CPU.ActiveCfg = Release|Any CPU
		{64D59DF8-9378-4A8C-8D9E-3A32697F9121}.Release|Any CPU.Build.0 = Release|Any CPU
		{AF1DC2C6-DBDF-42B7-9D3B-33D7A4D9E171}.Debug|Any CPU.ActiveCfg = Debug|Any CPU
		{AF1DC2C6-DBDF-42B7-9D3B-33D7A4D9E171}.Debug|Any CPU.Build.0 = Debug|Any CPU
		{AF1DC2C6-DBDF-42B7-9D3B-33D7A4D9E171}.Release|Any CPU.ActiveCfg = Release|Any CPU
		{AF1DC2C6-DBDF-42B7-9D3B-33D7A4D9E171}.Release|Any CPU.Build.0 = Release|Any CPU
		{DE34262F-6F66-4E16-9841-8A67160A7746}.Debug|Any CPU.ActiveCfg = Debug|Any CPU
		{DE34262F-6F66-4E16-9841-8A67160A7746}.Debug|Any CPU.Build.0 = Debug|Any CPU
		{DE34262F-6F66-4E16-9841-8A67160A7746}.Release|Any CPU.ActiveCfg = Release|Any CPU
		{DE34262F-6F66-4E16-9841-8A67160A7746}.Release|Any CPU.Build.0 = Release|Any CPU
		{ADB6997E-D45C-4E50-9D23-B45371E91480}.Debug|Any CPU.ActiveCfg = Debug|Any CPU
		{ADB6997E-D45C-4E50-9D23-B45371E91480}.Debug|Any CPU.Build.0 = Debug|Any CPU
		{ADB6997E-D45C-4E50-9D23-B45371E91480}.Release|Any CPU.ActiveCfg = Release|Any CPU
		{ADB6997E-D45C-4E50-9D23-B45371E91480}.Release|Any CPU.Build.0 = Release|Any CPU
		{CC3A132C-53DF-42F9-B6AC-FCA2867E16B1}.Debug|Any CPU.ActiveCfg = Debug|Any CPU
		{CC3A132C-53DF-42F9-B6AC-FCA2867E16B1}.Debug|Any CPU.Build.0 = Debug|Any CPU
		{CC3A132C-53DF-42F9-B6AC-FCA2867E16B1}.Release|Any CPU.ActiveCfg = Release|Any CPU
		{CC3A132C-53DF-42F9-B6AC-FCA2867E16B1}.Release|Any CPU.Build.0 = Release|Any CPU
		{E136F09C-FA2A-44F1-9E15-4D9B96F74966}.Debug|Any CPU.ActiveCfg = Debug|Any CPU
		{E136F09C-FA2A-44F1-9E15-4D9B96F74966}.Debug|Any CPU.Build.0 = Debug|Any CPU
		{E136F09C-FA2A-44F1-9E15-4D9B96F74966}.Release|Any CPU.ActiveCfg = Release|Any CPU
		{E136F09C-FA2A-44F1-9E15-4D9B96F74966}.Release|Any CPU.Build.0 = Release|Any CPU
		{667773F9-4759-406E-B10A-262677C1D984}.Debug|Any CPU.ActiveCfg = Debug|Any CPU
		{667773F9-4759-406E-B10A-262677C1D984}.Debug|Any CPU.Build.0 = Debug|Any CPU
		{667773F9-4759-406E-B10A-262677C1D984}.Release|Any CPU.ActiveCfg = Release|Any CPU
		{667773F9-4759-406E-B10A-262677C1D984}.Release|Any CPU.Build.0 = Release|Any CPU
		{DE955AF1-7C32-4721-BF59-65796B421583}.Debug|Any CPU.ActiveCfg = Debug|Any CPU
		{DE955AF1-7C32-4721-BF59-65796B421583}.Debug|Any CPU.Build.0 = Debug|Any CPU
		{DE955AF1-7C32-4721-BF59-65796B421583}.Release|Any CPU.ActiveCfg = Release|Any CPU
		{DE955AF1-7C32-4721-BF59-65796B421583}.Release|Any CPU.Build.0 = Release|Any CPU
		{19C921CA-FBD3-4174-8B37-C63AC1C558E2}.Debug|Any CPU.ActiveCfg = Debug|Any CPU
		{19C921CA-FBD3-4174-8B37-C63AC1C558E2}.Debug|Any CPU.Build.0 = Debug|Any CPU
		{19C921CA-FBD3-4174-8B37-C63AC1C558E2}.Release|Any CPU.ActiveCfg = Release|Any CPU
		{19C921CA-FBD3-4174-8B37-C63AC1C558E2}.Release|Any CPU.Build.0 = Release|Any CPU
		{64F20997-CE85-4411-A96F-2CCA6E0D92A8}.Debug|Any CPU.ActiveCfg = Debug|Any CPU
		{64F20997-CE85-4411-A96F-2CCA6E0D92A8}.Debug|Any CPU.Build.0 = Debug|Any CPU
		{64F20997-CE85-4411-A96F-2CCA6E0D92A8}.Release|Any CPU.ActiveCfg = Release|Any CPU
		{64F20997-CE85-4411-A96F-2CCA6E0D92A8}.Release|Any CPU.Build.0 = Release|Any CPU
		{A61C5FDF-66EA-4D20-B464-D7F9CA0F7B28}.Debug|Any CPU.ActiveCfg = Debug|Any CPU
		{A61C5FDF-66EA-4D20-B464-D7F9CA0F7B28}.Debug|Any CPU.Build.0 = Debug|Any CPU
		{A61C5FDF-66EA-4D20-B464-D7F9CA0F7B28}.Release|Any CPU.ActiveCfg = Release|Any CPU
		{A61C5FDF-66EA-4D20-B464-D7F9CA0F7B28}.Release|Any CPU.Build.0 = Release|Any CPU
		{9AFB0CA8-39D8-4E60-B4E2-9B67399A9D93}.Debug|Any CPU.ActiveCfg = Debug|Any CPU
		{9AFB0CA8-39D8-4E60-B4E2-9B67399A9D93}.Debug|Any CPU.Build.0 = Debug|Any CPU
		{9AFB0CA8-39D8-4E60-B4E2-9B67399A9D93}.Release|Any CPU.ActiveCfg = Release|Any CPU
		{9AFB0CA8-39D8-4E60-B4E2-9B67399A9D93}.Release|Any CPU.Build.0 = Release|Any CPU
		{8B0F77F8-E272-4BA9-B84F-B8E3F84536F0}.Debug|Any CPU.ActiveCfg = Debug|Any CPU
		{8B0F77F8-E272-4BA9-B84F-B8E3F84536F0}.Debug|Any CPU.Build.0 = Debug|Any CPU
		{8B0F77F8-E272-4BA9-B84F-B8E3F84536F0}.Release|Any CPU.ActiveCfg = Release|Any CPU
		{8B0F77F8-E272-4BA9-B84F-B8E3F84536F0}.Release|Any CPU.Build.0 = Release|Any CPU
		{224E364F-4B10-45A5-B8C0-0FCAF1851836}.Debug|Any CPU.ActiveCfg = Debug|Any CPU
		{224E364F-4B10-45A5-B8C0-0FCAF1851836}.Debug|Any CPU.Build.0 = Debug|Any CPU
		{224E364F-4B10-45A5-B8C0-0FCAF1851836}.Release|Any CPU.ActiveCfg = Release|Any CPU
		{224E364F-4B10-45A5-B8C0-0FCAF1851836}.Release|Any CPU.Build.0 = Release|Any CPU
		{E1BD7ECB-D357-4A0A-A7B4-49F2C773B4EE}.Debug|Any CPU.ActiveCfg = Debug|Any CPU
		{E1BD7ECB-D357-4A0A-A7B4-49F2C773B4EE}.Debug|Any CPU.Build.0 = Debug|Any CPU
		{E1BD7ECB-D357-4A0A-A7B4-49F2C773B4EE}.Release|Any CPU.ActiveCfg = Release|Any CPU
		{E1BD7ECB-D357-4A0A-A7B4-49F2C773B4EE}.Release|Any CPU.Build.0 = Release|Any CPU
		{0A581D11-AAA5-4695-A374-F3FB4216E3B5}.Debug|Any CPU.ActiveCfg = Debug|Any CPU
		{0A581D11-AAA5-4695-A374-F3FB4216E3B5}.Debug|Any CPU.Build.0 = Debug|Any CPU
		{0A581D11-AAA5-4695-A374-F3FB4216E3B5}.Release|Any CPU.ActiveCfg = Release|Any CPU
		{0A581D11-AAA5-4695-A374-F3FB4216E3B5}.Release|Any CPU.Build.0 = Release|Any CPU
		{F24D4055-F2F3-489E-AC68-99777299C51F}.Debug|Any CPU.ActiveCfg = Debug|Any CPU
		{F24D4055-F2F3-489E-AC68-99777299C51F}.Debug|Any CPU.Build.0 = Debug|Any CPU
		{F24D4055-F2F3-489E-AC68-99777299C51F}.Release|Any CPU.ActiveCfg = Release|Any CPU
		{F24D4055-F2F3-489E-AC68-99777299C51F}.Release|Any CPU.Build.0 = Release|Any CPU
		{2C40EF57-DBDD-42E6-81AB-66DE6B431E5D}.Debug|Any CPU.ActiveCfg = Debug|Any CPU
		{2C40EF57-DBDD-42E6-81AB-66DE6B431E5D}.Debug|Any CPU.Build.0 = Debug|Any CPU
		{2C40EF57-DBDD-42E6-81AB-66DE6B431E5D}.Release|Any CPU.ActiveCfg = Release|Any CPU
		{2C40EF57-DBDD-42E6-81AB-66DE6B431E5D}.Release|Any CPU.Build.0 = Release|Any CPU
		{D6C6BE2C-CE88-42C9-803A-6B07F4E0D7B4}.Debug|Any CPU.ActiveCfg = Debug|Any CPU
		{D6C6BE2C-CE88-42C9-803A-6B07F4E0D7B4}.Debug|Any CPU.Build.0 = Debug|Any CPU
		{D6C6BE2C-CE88-42C9-803A-6B07F4E0D7B4}.Release|Any CPU.ActiveCfg = Release|Any CPU
		{D6C6BE2C-CE88-42C9-803A-6B07F4E0D7B4}.Release|Any CPU.Build.0 = Release|Any CPU
		{25F8E4CF-35B7-4F7C-A8C8-070003BBFD5A}.Debug|Any CPU.ActiveCfg = Debug|Any CPU
		{25F8E4CF-35B7-4F7C-A8C8-070003BBFD5A}.Debug|Any CPU.Build.0 = Debug|Any CPU
		{25F8E4CF-35B7-4F7C-A8C8-070003BBFD5A}.Release|Any CPU.ActiveCfg = Release|Any CPU
		{25F8E4CF-35B7-4F7C-A8C8-070003BBFD5A}.Release|Any CPU.Build.0 = Release|Any CPU
		{C55D0FE3-4288-4670-81B7-D049CDECEB14}.Debug|Any CPU.ActiveCfg = Debug|Any CPU
		{C55D0FE3-4288-4670-81B7-D049CDECEB14}.Debug|Any CPU.Build.0 = Debug|Any CPU
		{C55D0FE3-4288-4670-81B7-D049CDECEB14}.Release|Any CPU.ActiveCfg = Release|Any CPU
		{C55D0FE3-4288-4670-81B7-D049CDECEB14}.Release|Any CPU.Build.0 = Release|Any CPU
		{8F8268F1-89FD-4E38-8FC6-F559591C6A6C}.Debug|Any CPU.ActiveCfg = Debug|Any CPU
		{8F8268F1-89FD-4E38-8FC6-F559591C6A6C}.Debug|Any CPU.Build.0 = Debug|Any CPU
		{8F8268F1-89FD-4E38-8FC6-F559591C6A6C}.Release|Any CPU.ActiveCfg = Release|Any CPU
		{8F8268F1-89FD-4E38-8FC6-F559591C6A6C}.Release|Any CPU.Build.0 = Release|Any CPU
	EndGlobalSection
	GlobalSection(SolutionProperties) = preSolution
		HideSolutionNode = FALSE
	EndGlobalSection
	GlobalSection(NestedProjects) = preSolution
		{1E97A52B-911D-4601-B729-E9544BA13DA3} = {CDC0A718-1EF8-4E41-93EE-8F65960DB101}
		{F94009F7-397E-48E2-B168-10251588DF38} = {CDC0A718-1EF8-4E41-93EE-8F65960DB101}
		{1D541094-493E-4835-B634-22A5A92D3B5F} = {1E97A52B-911D-4601-B729-E9544BA13DA3}
		{D93BAE6B-C773-47AE-B6D8-A8B56C7AA20B} = {F94009F7-397E-48E2-B168-10251588DF38}
		{08D42DBF-DAD3-4D9D-BDD0-E92F2F6C1768} = {CDC0A718-1EF8-4E41-93EE-8F65960DB101}
		{FE365008-1E86-41E2-A045-6AC03E3E37E0} = {08D42DBF-DAD3-4D9D-BDD0-E92F2F6C1768}
		{19A89037-B346-442F-813B-D6E062865629} = {08D42DBF-DAD3-4D9D-BDD0-E92F2F6C1768}
		{1D1FF455-5919-443E-A54F-659EEB0598EE} = {4486C377-15A2-45C0-B2D8-5A291FF2124E}
		{660C7B65-6F5E-423A-BDAE-F51865ABA29C} = {4486C377-15A2-45C0-B2D8-5A291FF2124E}
		{546AB435-0358-4A07-B660-AC54E6D6BB65} = {4486C377-15A2-45C0-B2D8-5A291FF2124E}
		{C40C0385-4BE3-4E7E-B732-058DC3F6338A} = {4486C377-15A2-45C0-B2D8-5A291FF2124E}
		{D2FA8552-8ADA-43FA-8E23-B77681728A70} = {22E88B90-5440-44FD-92F0-F7EDE99B6ED4}
		{C0922B24-997B-4B31-BFE6-12BA8AE4F20A} = {22E88B90-5440-44FD-92F0-F7EDE99B6ED4}
		{53023134-90FD-43C1-B022-1E50BFBA736C} = {1D1FF455-5919-443E-A54F-659EEB0598EE}
		{5AFA700A-8453-4209-8C0C-589924A59E0C} = {1D1FF455-5919-443E-A54F-659EEB0598EE}
		{509CE046-1916-4114-8442-DB01A85EB612} = {1D1FF455-5919-443E-A54F-659EEB0598EE}
		{277BEC40-05C3-4389-B31A-76AA06127DFE} = {53023134-90FD-43C1-B022-1E50BFBA736C}
		{518C9D36-2FCE-4C79-89CF-8BA84098C599} = {53023134-90FD-43C1-B022-1E50BFBA736C}
		{19F5FD15-A03B-4B43-A5D1-BD11D089B508} = {5AFA700A-8453-4209-8C0C-589924A59E0C}
		{5A253CA1-98E9-4962-BFEB-6116392EFF34} = {509CE046-1916-4114-8442-DB01A85EB612}
		{DFAD4C34-C43F-4CE0-8BB4-9982819F53DA} = {660C7B65-6F5E-423A-BDAE-F51865ABA29C}
		{519C070D-2F1B-44AF-9689-E76984BC44A7} = {DFAD4C34-C43F-4CE0-8BB4-9982819F53DA}
		{89063529-C87C-4886-942D-DC4B3E91EE2A} = {546AB435-0358-4A07-B660-AC54E6D6BB65}
		{B19EF4FA-E51C-48D1-A838-CCA89A8E0119} = {546AB435-0358-4A07-B660-AC54E6D6BB65}
		{D64A6449-D70E-4859-B612-47A98DC2E425} = {89063529-C87C-4886-942D-DC4B3E91EE2A}
		{DBAF0EAC-3BAA-4AC5-9F38-C72171C41459} = {89063529-C87C-4886-942D-DC4B3E91EE2A}
		{F3819CAE-2A28-4A09-8C4C-A7C41B8CC1D1} = {89063529-C87C-4886-942D-DC4B3E91EE2A}
		{A6F45E62-5646-4D35-AAE3-96BCBFC34236} = {B19EF4FA-E51C-48D1-A838-CCA89A8E0119}
		{EB18A302-9D8C-4B22-8C63-D5A1BFE2C474} = {C40C0385-4BE3-4E7E-B732-058DC3F6338A}
		{0CCBEDFE-0A45-4FCD-9E8B-B6294EA90395} = {D2FA8552-8ADA-43FA-8E23-B77681728A70}
		{7FCF3A20-1913-46C4-BF07-3C20993E7BE8} = {D2FA8552-8ADA-43FA-8E23-B77681728A70}
		{67BBE59B-F814-4F3C-A15D-46A150E462B0} = {D2FA8552-8ADA-43FA-8E23-B77681728A70}
		{8B113388-AC37-44D2-981A-FAD91D4D987E} = {0CCBEDFE-0A45-4FCD-9E8B-B6294EA90395}
		{8A7A5A17-13F9-44DB-812F-59D02F09810B} = {7FCF3A20-1913-46C4-BF07-3C20993E7BE8}
		{774903CE-EA5E-48EF-BC04-65C66A2A0C51} = {67BBE59B-F814-4F3C-A15D-46A150E462B0}
		{2E2E51FA-ED6D-4012-AF7E-EEAC334CA573} = {C0922B24-997B-4B31-BFE6-12BA8AE4F20A}
		{C4E2D392-B626-4D5F-BC09-49EDDFB4D9BD} = {C0922B24-997B-4B31-BFE6-12BA8AE4F20A}
		{8786446A-990B-4708-93D2-F8268AC24184} = {C0922B24-997B-4B31-BFE6-12BA8AE4F20A}
		{8D9B1C32-3EB3-499F-8BE2-08C127DDD22D} = {C0922B24-997B-4B31-BFE6-12BA8AE4F20A}
		{4298B825-895C-4409-A3ED-FE7120642383} = {2E2E51FA-ED6D-4012-AF7E-EEAC334CA573}
		{225A9FA9-CA06-4E5F-8156-A2DF08157999} = {C4E2D392-B626-4D5F-BC09-49EDDFB4D9BD}
		{2A2D48FD-1456-4D46-AA88-D29902C4CDC5} = {8786446A-990B-4708-93D2-F8268AC24184}
		{E7BD2BFD-F7AF-4BC4-91B1-3D30D5DD3993} = {8786446A-990B-4708-93D2-F8268AC24184}
		{1950B87A-A3A4-4960-BA8A-D4FBC5D3589E} = {8D9B1C32-3EB3-499F-8BE2-08C127DDD22D}
		{37CEA13F-39E4-42C7-9974-774F92E9785B} = {7575BD0B-8E1A-4DB5-A6B2-1536E82FA3A5}
		{A4231295-5D4B-4D68-97B7-AE7D03C0934B} = {37CEA13F-39E4-42C7-9974-774F92E9785B}
		{2F807A31-0D37-44C7-A56B-6546C1DCE3EF} = {B60BBD84-4319-4E43-B927-0B5CB778F830}
		{E298BC97-F2CC-47F6-8FA6-8B04547507EE} = {2F807A31-0D37-44C7-A56B-6546C1DCE3EF}
		{F64932DE-BB6A-4CBD-90F9-0430037BB217} = {258B0F52-2102-40CD-81D0-875B73FA5516}
		{B34FE43F-34A9-446E-8636-AA74B3451243} = {258B0F52-2102-40CD-81D0-875B73FA5516}
		{53DBAC5E-70FE-4FB7-AE49-1BCD1802AF77} = {8176B9A3-FE4A-4131-B0CA-F74AEC8A5C0C}
		{6DF7A419-4545-4206-96CB-58588DC067DA} = {B60BBD84-4319-4E43-B927-0B5CB778F830}
		{F9DB7901-CC1D-43C5-BF4F-26EF1236C280} = {6DF7A419-4545-4206-96CB-58588DC067DA}
		{121FE4A4-98A1-4C0C-AE6C-5EE8E91269F8} = {6DF7A419-4545-4206-96CB-58588DC067DA}
		{79F1B05D-C2F1-4A86-8FA5-B4366D6BCEBF} = {443D84BF-0C96-4585-BD98-5586AC2F5113}
		{5504EA83-F11A-45D2-A826-93FD39FF1C50} = {79F1B05D-C2F1-4A86-8FA5-B4366D6BCEBF}
		{A842C059-5283-4964-8775-5BD390B15101} = {443D84BF-0C96-4585-BD98-5586AC2F5113}
		{68788E3E-FA3F-43BF-9DCC-6A72814D8BD2} = {A842C059-5283-4964-8775-5BD390B15101}
		{3F02E208-FC18-46F9-834C-10D622F636CC} = {258B0F52-2102-40CD-81D0-875B73FA5516}
		{9B06A902-9E20-4998-837D-2842757E7E44} = {443D84BF-0C96-4585-BD98-5586AC2F5113}
		{ECBED539-5770-4151-9970-0E6731D46AF3} = {9B06A902-9E20-4998-837D-2842757E7E44}
		{362E38C5-D0E9-4AAB-9184-141B00F3F513} = {443D84BF-0C96-4585-BD98-5586AC2F5113}
		{13171B41-6C02-4AE0-B47B-29B76836BBF5} = {362E38C5-D0E9-4AAB-9184-141B00F3F513}
		{AC4E7215-6A27-45A4-8BA1-D6D1A7051A5B} = {9B06A902-9E20-4998-837D-2842757E7E44}
		{AE48C22A-3DB3-4441-8B07-08BDACCEB94E} = {443D84BF-0C96-4585-BD98-5586AC2F5113}
		{3719DD81-3019-4501-A50F-0573AF86B881} = {AE48C22A-3DB3-4441-8B07-08BDACCEB94E}
		{54E103AE-D9B8-4B22-9054-AD7EB46FD686} = {443D84BF-0C96-4585-BD98-5586AC2F5113}
		{6AB10F04-9791-46A4-A320-768DFA188E8C} = {54E103AE-D9B8-4B22-9054-AD7EB46FD686}
		{94F53708-967F-4E20-A429-6898AA982A47} = {3FCEB1E6-EA83-475A-8F21-36309A55957C}
		{9821FD00-8D09-4AEA-BB99-E64B96E25D39} = {94F53708-967F-4E20-A429-6898AA982A47}
		{DDA2CED7-869A-4784-956F-0C82647D8AD4} = {3FCEB1E6-EA83-475A-8F21-36309A55957C}
		{5742AA91-5A9C-4570-B521-BF0995E81361} = {DDA2CED7-869A-4784-956F-0C82647D8AD4}
		{6453A732-257C-41C1-A5CE-38D437168654} = {3FCEB1E6-EA83-475A-8F21-36309A55957C}
		{AD686E52-55AC-4E37-825B-E19CAED5014B} = {6453A732-257C-41C1-A5CE-38D437168654}
		{A39A0904-8682-4118-8BD9-7C0817621395} = {3FCEB1E6-EA83-475A-8F21-36309A55957C}
		{64D59DF8-9378-4A8C-8D9E-3A32697F9121} = {A39A0904-8682-4118-8BD9-7C0817621395}
		{AF1DC2C6-DBDF-42B7-9D3B-33D7A4D9E171} = {143E48A2-2A32-497B-B0A6-250A4B2DCBF7}
		{143E48A2-2A32-497B-B0A6-250A4B2DCBF7} = {E7DBB1DC-D0E9-4477-A449-BC36B3BDF41C}
		{B726DC3E-8E34-4A41-9DD0-94A10AD484FF} = {E7DBB1DC-D0E9-4477-A449-BC36B3BDF41C}
		{DE34262F-6F66-4E16-9841-8A67160A7746} = {B726DC3E-8E34-4A41-9DD0-94A10AD484FF}
		{3EE6AF3E-F5C2-4113-9698-D845B041C96A} = {E7DBB1DC-D0E9-4477-A449-BC36B3BDF41C}
		{ADB6997E-D45C-4E50-9D23-B45371E91480} = {3EE6AF3E-F5C2-4113-9698-D845B041C96A}
		{62BC53C6-75EC-41D2-8944-72A775822160} = {E7DBB1DC-D0E9-4477-A449-BC36B3BDF41C}
		{CC3A132C-53DF-42F9-B6AC-FCA2867E16B1} = {62BC53C6-75EC-41D2-8944-72A775822160}
		{0600399E-BB04-4261-A8AF-69D11F90314D} = {E7DBB1DC-D0E9-4477-A449-BC36B3BDF41C}
		{E136F09C-FA2A-44F1-9E15-4D9B96F74966} = {0600399E-BB04-4261-A8AF-69D11F90314D}
		{BE40F450-E1D9-4FBC-A005-5A7BE92D7918} = {E7DBB1DC-D0E9-4477-A449-BC36B3BDF41C}
		{667773F9-4759-406E-B10A-262677C1D984} = {BE40F450-E1D9-4FBC-A005-5A7BE92D7918}
		{EEE63C49-D6AC-4D8F-BF1B-5FD6DD97BD95} = {E7DBB1DC-D0E9-4477-A449-BC36B3BDF41C}
		{DE955AF1-7C32-4721-BF59-65796B421583} = {EEE63C49-D6AC-4D8F-BF1B-5FD6DD97BD95}
		{9383D2A6-CA09-4E99-85C5-D0271AF6A611} = {E7DBB1DC-D0E9-4477-A449-BC36B3BDF41C}
		{19C921CA-FBD3-4174-8B37-C63AC1C558E2} = {9383D2A6-CA09-4E99-85C5-D0271AF6A611}
		{64F20997-CE85-4411-A96F-2CCA6E0D92A8} = {9383D2A6-CA09-4E99-85C5-D0271AF6A611}
		{30E9DBC7-FE73-486E-A1D3-7399CF9EE9D2} = {E7DBB1DC-D0E9-4477-A449-BC36B3BDF41C}
		{A61C5FDF-66EA-4D20-B464-D7F9CA0F7B28} = {30E9DBC7-FE73-486E-A1D3-7399CF9EE9D2}
		{6EE19908-D774-4CCD-B99E-BDB0CC6FCDCD} = {E7DBB1DC-D0E9-4477-A449-BC36B3BDF41C}
		{9AFB0CA8-39D8-4E60-B4E2-9B67399A9D93} = {6EE19908-D774-4CCD-B99E-BDB0CC6FCDCD}
		{8B0F77F8-E272-4BA9-B84F-B8E3F84536F0} = {30E9DBC7-FE73-486E-A1D3-7399CF9EE9D2}
		{40699BA3-4601-4C29-91B8-B60FB4E9443F} = {E7DBB1DC-D0E9-4477-A449-BC36B3BDF41C}
		{224E364F-4B10-45A5-B8C0-0FCAF1851836} = {40699BA3-4601-4C29-91B8-B60FB4E9443F}
		{E9EA2ED4-2EBF-46FC-83DE-AADD2465876F} = {8B186B70-96E3-43CA-A96A-1BA5C1FE57AE}
		{56CB6076-9CAC-4859-9A7D-69C3FB957C1A} = {8B186B70-96E3-43CA-A96A-1BA5C1FE57AE}
		{E1BD7ECB-D357-4A0A-A7B4-49F2C773B4EE} = {020DE5C8-079B-422C-90D6-721750D7EC0E}
		{020DE5C8-079B-422C-90D6-721750D7EC0E} = {E9EA2ED4-2EBF-46FC-83DE-AADD2465876F}
		{F6784262-98A3-4BC6-9603-820438B0FF67} = {E9EA2ED4-2EBF-46FC-83DE-AADD2465876F}
		{0A581D11-AAA5-4695-A374-F3FB4216E3B5} = {F6784262-98A3-4BC6-9603-820438B0FF67}
		{E7191AA2-2008-42E4-BB84-0C7BB5D38B67} = {E9EA2ED4-2EBF-46FC-83DE-AADD2465876F}
		{F24D4055-F2F3-489E-AC68-99777299C51F} = {E7191AA2-2008-42E4-BB84-0C7BB5D38B67}
		{79B99DB4-1743-4E9D-A69B-8AB67E97E693} = {E9EA2ED4-2EBF-46FC-83DE-AADD2465876F}
		{2C40EF57-DBDD-42E6-81AB-66DE6B431E5D} = {79B99DB4-1743-4E9D-A69B-8AB67E97E693}
		{D6C6BE2C-CE88-42C9-803A-6B07F4E0D7B4} = {E03169E1-BA5B-4E32-B5F0-4103AE44813A}
		{E03169E1-BA5B-4E32-B5F0-4103AE44813A} = {56CB6076-9CAC-4859-9A7D-69C3FB957C1A}
		{D4AF176F-B230-4713-BE74-EC38590D1486} = {56CB6076-9CAC-4859-9A7D-69C3FB957C1A}
		{25F8E4CF-35B7-4F7C-A8C8-070003BBFD5A} = {D4AF176F-B230-4713-BE74-EC38590D1486}
		{DD2801CA-B219-402E-B399-4879F2FB71CB} = {F2743A31-5A98-4F97-9117-C38F3652DFDF}
		{C55D0FE3-4288-4670-81B7-D049CDECEB14} = {DD2801CA-B219-402E-B399-4879F2FB71CB}
		{39C00BB5-905A-4905-B962-2D92CB84DFC9} = {F2743A31-5A98-4F97-9117-C38F3652DFDF}
		{8F8268F1-89FD-4E38-8FC6-F559591C6A6C} = {39C00BB5-905A-4905-B962-2D92CB84DFC9}
	EndGlobalSection
EndGlobal
