
Microsoft Visual Studio Solution File, Format Version 12.00
# Visual Studio 15
VisualStudioVersion = 15.0.26403.7
MinimumVisualStudioVersion = 10.0.40219.1
Project("{2150E333-8FDC-42A3-9474-1A3956D46DE8}") = "1 Découverte", "1 Découverte", "{CDC0A718-1EF8-4E41-93EE-8F65960DB101}"
EndProject
Project("{2150E333-8FDC-42A3-9474-1A3956D46DE8}") = "1 Exemple 001", "1 Exemple 001", "{1E97A52B-911D-4601-B729-E9544BA13DA3}"
EndProject
Project("{2150E333-8FDC-42A3-9474-1A3956D46DE8}") = "2 Exemple 003", "2 Exemple 003", "{F94009F7-397E-48E2-B168-10251588DF38}"
EndProject
Project("{F184B08F-C81C-45F6-A57F-5ABD9991F28F}") = "R2D2Pret", "R2D2Pret\R2D2Pret.vbproj", "{1D541094-493E-4835-B634-22A5A92D3B5F}"
EndProject
Project("{F184B08F-C81C-45F6-A57F-5ABD9991F28F}") = "R2D2Pret2", "R2D2Pret2\R2D2Pret2.vbproj", "{D93BAE6B-C773-47AE-B6D8-A8B56C7AA20B}"
EndProject
Project("{2150E333-8FDC-42A3-9474-1A3956D46DE8}") = "Boss1", "Boss1", "{08D42DBF-DAD3-4D9D-BDD0-E92F2F6C1768}"
EndProject
Project("{F184B08F-C81C-45F6-A57F-5ABD9991F28F}") = "Boss1", "Boss1\Boss1.vbproj", "{FE365008-1E86-41E2-A045-6AC03E3E37E0}"
EndProject
Project("{F184B08F-C81C-45F6-A57F-5ABD9991F28F}") = "BossClassLibrary", "BossClassLibrary\BossClassLibrary.vbproj", "{19A89037-B346-442F-813B-D6E062865629}"
EndProject
Project("{2150E333-8FDC-42A3-9474-1A3956D46DE8}") = "2 Variables et instructions", "2 Variables et instructions", "{4486C377-15A2-45C0-B2D8-5A291FF2124E}"
EndProject
Project("{2150E333-8FDC-42A3-9474-1A3956D46DE8}") = "1 les variables", "1 les variables", "{1D1FF455-5919-443E-A54F-659EEB0598EE}"
EndProject
Project("{2150E333-8FDC-42A3-9474-1A3956D46DE8}") = "2 boucles et conditions", "2 boucles et conditions", "{660C7B65-6F5E-423A-BDAE-F51865ABA29C}"
EndProject
Project("{2150E333-8FDC-42A3-9474-1A3956D46DE8}") = "3 tableaux et listes", "3 tableaux et listes", "{546AB435-0358-4A07-B660-AC54E6D6BB65}"
EndProject
Project("{2150E333-8FDC-42A3-9474-1A3956D46DE8}") = "Boss 2", "Boss 2", "{C40C0385-4BE3-4E7E-B732-058DC3F6338A}"
EndProject
Project("{2150E333-8FDC-42A3-9474-1A3956D46DE8}") = "3 Methodes et classes", "3 Methodes et classes", "{22E88B90-5440-44FD-92F0-F7EDE99B6ED4}"
EndProject
Project("{2150E333-8FDC-42A3-9474-1A3956D46DE8}") = "1 methodes", "1 methodes", "{D2FA8552-8ADA-43FA-8E23-B77681728A70}"
EndProject
Project("{2150E333-8FDC-42A3-9474-1A3956D46DE8}") = "2 classes et heritages", "2 classes et heritages", "{C0922B24-997B-4B31-BFE6-12BA8AE4F20A}"
EndProject
Project("{2150E333-8FDC-42A3-9474-1A3956D46DE8}") = "4 EXCEPTIONS", "4 EXCEPTIONS", "{7575BD0B-8E1A-4DB5-A6B2-1536E82FA3A5}"
EndProject
Project("{2150E333-8FDC-42A3-9474-1A3956D46DE8}") = "5 Fichiers", "5 Fichiers", "{B60BBD84-4319-4E43-B927-0B5CB778F830}"
EndProject
Project("{2150E333-8FDC-42A3-9474-1A3956D46DE8}") = "6 Ado.net", "6 Ado.net", "{443D84BF-0C96-4585-BD98-5586AC2F5113}"
EndProject
Project("{2150E333-8FDC-42A3-9474-1A3956D46DE8}") = "7 Windows form", "7 Windows form", "{4332432B-23E4-43D4-8E91-001B84E62630}"
EndProject
Project("{2150E333-8FDC-42A3-9474-1A3956D46DE8}") = "8 asp.net", "8 asp.net", "{CA5F3F87-DBA0-4B73-912C-3A644791432B}"
EndProject
Project("{2150E333-8FDC-42A3-9474-1A3956D46DE8}") = "9 mvc.net", "9 mvc.net", "{3DBA3026-1BAB-4D50-9175-4BC3399486E5}"
EndProject
Project("{2150E333-8FDC-42A3-9474-1A3956D46DE8}") = "Exemple 004", "Exemple 004", "{53023134-90FD-43C1-B022-1E50BFBA736C}"
EndProject
Project("{2150E333-8FDC-42A3-9474-1A3956D46DE8}") = "Exemple 005", "Exemple 005", "{5AFA700A-8453-4209-8C0C-589924A59E0C}"
EndProject
Project("{2150E333-8FDC-42A3-9474-1A3956D46DE8}") = "Exemple 006", "Exemple 006", "{509CE046-1916-4114-8442-DB01A85EB612}"
EndProject
Project("{F184B08F-C81C-45F6-A57F-5ABD9991F28F}") = "1R2D2prendVieLesTypesPrimitifs", "1R2D2prendVieLesTypesPrimitifs\1R2D2prendVieLesTypesPrimitifs.vbproj", "{277BEC40-05C3-4389-B31A-76AA06127DFE}"
EndProject
Project("{F184B08F-C81C-45F6-A57F-5ABD9991F28F}") = "2R2D2prendVie", "2R2D2prendVie\2R2D2prendVie.vbproj", "{518C9D36-2FCE-4C79-89CF-8BA84098C599}"
EndProject
Project("{F184B08F-C81C-45F6-A57F-5ABD9991F28F}") = "3R2D2prendVieOperateurs", "3R2D2prendVieOperateurs\3R2D2prendVieOperateurs.vbproj", "{19F5FD15-A03B-4B43-A5D1-BD11D089B508}"
EndProject
Project("{F184B08F-C81C-45F6-A57F-5ABD9991F28F}") = "6R2D2pretString", "6R2D2pretString\6R2D2pretString.vbproj", "{5A253CA1-98E9-4962-BFEB-6116392EFF34}"
EndProject
Project("{2150E333-8FDC-42A3-9474-1A3956D46DE8}") = "Exemple 007", "Exemple 007", "{DFAD4C34-C43F-4CE0-8BB4-9982819F53DA}"
EndProject
Project("{F184B08F-C81C-45F6-A57F-5ABD9991F28F}") = "7R2D2pretConditionEtIteration", "7R2D2pretConditionEtIteration\7R2D2pretConditionEtIteration.vbproj", "{519C070D-2F1B-44AF-9689-E76984BC44A7}"
EndProject
Project("{2150E333-8FDC-42A3-9474-1A3956D46DE8}") = "Exemple 008", "Exemple 008", "{89063529-C87C-4886-942D-DC4B3E91EE2A}"
EndProject
Project("{2150E333-8FDC-42A3-9474-1A3956D46DE8}") = "Exemple 009", "Exemple 009", "{B19EF4FA-E51C-48D1-A838-CCA89A8E0119}"
EndProject
Project("{F184B08F-C81C-45F6-A57F-5ABD9991F28F}") = "8R2D2pretTableau", "8R2D2pretTableau\8R2D2pretTableau.vbproj", "{D64A6449-D70E-4859-B612-47A98DC2E425}"
EndProject
Project("{F184B08F-C81C-45F6-A57F-5ABD9991F28F}") = "TriEtParcoursTableau", "TriEtParcoursTableau\TriEtParcoursTableau.vbproj", "{DBAF0EAC-3BAA-4AC5-9F38-C72171C41459}"
EndProject
Project("{F184B08F-C81C-45F6-A57F-5ABD9991F28F}") = "TableauDeTableau", "TableauDeTableau\TableauDeTableau.vbproj", "{F3819CAE-2A28-4A09-8C4C-A7C41B8CC1D1}"
EndProject
Global
	GlobalSection(SolutionConfigurationPlatforms) = preSolution
		Debug|Any CPU = Debug|Any CPU
		Release|Any CPU = Release|Any CPU
	EndGlobalSection
	GlobalSection(ProjectConfigurationPlatforms) = postSolution
		{1D541094-493E-4835-B634-22A5A92D3B5F}.Debug|Any CPU.ActiveCfg = Debug|Any CPU
		{1D541094-493E-4835-B634-22A5A92D3B5F}.Debug|Any CPU.Build.0 = Debug|Any CPU
		{1D541094-493E-4835-B634-22A5A92D3B5F}.Release|Any CPU.ActiveCfg = Release|Any CPU
		{1D541094-493E-4835-B634-22A5A92D3B5F}.Release|Any CPU.Build.0 = Release|Any CPU
		{D93BAE6B-C773-47AE-B6D8-A8B56C7AA20B}.Debug|Any CPU.ActiveCfg = Debug|Any CPU
		{D93BAE6B-C773-47AE-B6D8-A8B56C7AA20B}.Debug|Any CPU.Build.0 = Debug|Any CPU
		{D93BAE6B-C773-47AE-B6D8-A8B56C7AA20B}.Release|Any CPU.ActiveCfg = Release|Any CPU
		{D93BAE6B-C773-47AE-B6D8-A8B56C7AA20B}.Release|Any CPU.Build.0 = Release|Any CPU
		{FE365008-1E86-41E2-A045-6AC03E3E37E0}.Debug|Any CPU.ActiveCfg = Debug|Any CPU
		{FE365008-1E86-41E2-A045-6AC03E3E37E0}.Debug|Any CPU.Build.0 = Debug|Any CPU
		{FE365008-1E86-41E2-A045-6AC03E3E37E0}.Release|Any CPU.ActiveCfg = Release|Any CPU
		{FE365008-1E86-41E2-A045-6AC03E3E37E0}.Release|Any CPU.Build.0 = Release|Any CPU
		{19A89037-B346-442F-813B-D6E062865629}.Debug|Any CPU.ActiveCfg = Debug|Any CPU
		{19A89037-B346-442F-813B-D6E062865629}.Debug|Any CPU.Build.0 = Debug|Any CPU
		{19A89037-B346-442F-813B-D6E062865629}.Release|Any CPU.ActiveCfg = Release|Any CPU
		{19A89037-B346-442F-813B-D6E062865629}.Release|Any CPU.Build.0 = Release|Any CPU
		{277BEC40-05C3-4389-B31A-76AA06127DFE}.Debug|Any CPU.ActiveCfg = Debug|Any CPU
		{277BEC40-05C3-4389-B31A-76AA06127DFE}.Debug|Any CPU.Build.0 = Debug|Any CPU
		{277BEC40-05C3-4389-B31A-76AA06127DFE}.Release|Any CPU.ActiveCfg = Release|Any CPU
		{277BEC40-05C3-4389-B31A-76AA06127DFE}.Release|Any CPU.Build.0 = Release|Any CPU
		{518C9D36-2FCE-4C79-89CF-8BA84098C599}.Debug|Any CPU.ActiveCfg = Debug|Any CPU
		{518C9D36-2FCE-4C79-89CF-8BA84098C599}.Debug|Any CPU.Build.0 = Debug|Any CPU
		{518C9D36-2FCE-4C79-89CF-8BA84098C599}.Release|Any CPU.ActiveCfg = Release|Any CPU
		{518C9D36-2FCE-4C79-89CF-8BA84098C599}.Release|Any CPU.Build.0 = Release|Any CPU
		{19F5FD15-A03B-4B43-A5D1-BD11D089B508}.Debug|Any CPU.ActiveCfg = Debug|Any CPU
		{19F5FD15-A03B-4B43-A5D1-BD11D089B508}.Debug|Any CPU.Build.0 = Debug|Any CPU
		{19F5FD15-A03B-4B43-A5D1-BD11D089B508}.Release|Any CPU.ActiveCfg = Release|Any CPU
		{19F5FD15-A03B-4B43-A5D1-BD11D089B508}.Release|Any CPU.Build.0 = Release|Any CPU
		{5A253CA1-98E9-4962-BFEB-6116392EFF34}.Debug|Any CPU.ActiveCfg = Debug|Any CPU
		{5A253CA1-98E9-4962-BFEB-6116392EFF34}.Debug|Any CPU.Build.0 = Debug|Any CPU
		{5A253CA1-98E9-4962-BFEB-6116392EFF34}.Release|Any CPU.ActiveCfg = Release|Any CPU
		{5A253CA1-98E9-4962-BFEB-6116392EFF34}.Release|Any CPU.Build.0 = Release|Any CPU
		{519C070D-2F1B-44AF-9689-E76984BC44A7}.Debug|Any CPU.ActiveCfg = Debug|Any CPU
		{519C070D-2F1B-44AF-9689-E76984BC44A7}.Debug|Any CPU.Build.0 = Debug|Any CPU
		{519C070D-2F1B-44AF-9689-E76984BC44A7}.Release|Any CPU.ActiveCfg = Release|Any CPU
		{519C070D-2F1B-44AF-9689-E76984BC44A7}.Release|Any CPU.Build.0 = Release|Any CPU
		{D64A6449-D70E-4859-B612-47A98DC2E425}.Debug|Any CPU.ActiveCfg = Debug|Any CPU
		{D64A6449-D70E-4859-B612-47A98DC2E425}.Debug|Any CPU.Build.0 = Debug|Any CPU
		{D64A6449-D70E-4859-B612-47A98DC2E425}.Release|Any CPU.ActiveCfg = Release|Any CPU
		{D64A6449-D70E-4859-B612-47A98DC2E425}.Release|Any CPU.Build.0 = Release|Any CPU
		{DBAF0EAC-3BAA-4AC5-9F38-C72171C41459}.Debug|Any CPU.ActiveCfg = Debug|Any CPU
		{DBAF0EAC-3BAA-4AC5-9F38-C72171C41459}.Debug|Any CPU.Build.0 = Debug|Any CPU
		{DBAF0EAC-3BAA-4AC5-9F38-C72171C41459}.Release|Any CPU.ActiveCfg = Release|Any CPU
		{DBAF0EAC-3BAA-4AC5-9F38-C72171C41459}.Release|Any CPU.Build.0 = Release|Any CPU
		{F3819CAE-2A28-4A09-8C4C-A7C41B8CC1D1}.Debug|Any CPU.ActiveCfg = Debug|Any CPU
		{F3819CAE-2A28-4A09-8C4C-A7C41B8CC1D1}.Debug|Any CPU.Build.0 = Debug|Any CPU
		{F3819CAE-2A28-4A09-8C4C-A7C41B8CC1D1}.Release|Any CPU.ActiveCfg = Release|Any CPU
		{F3819CAE-2A28-4A09-8C4C-A7C41B8CC1D1}.Release|Any CPU.Build.0 = Release|Any CPU
	EndGlobalSection
	GlobalSection(SolutionProperties) = preSolution
		HideSolutionNode = FALSE
	EndGlobalSection
	GlobalSection(NestedProjects) = preSolution
		{1E97A52B-911D-4601-B729-E9544BA13DA3} = {CDC0A718-1EF8-4E41-93EE-8F65960DB101}
		{F94009F7-397E-48E2-B168-10251588DF38} = {CDC0A718-1EF8-4E41-93EE-8F65960DB101}
		{1D541094-493E-4835-B634-22A5A92D3B5F} = {1E97A52B-911D-4601-B729-E9544BA13DA3}
		{D93BAE6B-C773-47AE-B6D8-A8B56C7AA20B} = {F94009F7-397E-48E2-B168-10251588DF38}
		{08D42DBF-DAD3-4D9D-BDD0-E92F2F6C1768} = {CDC0A718-1EF8-4E41-93EE-8F65960DB101}
		{FE365008-1E86-41E2-A045-6AC03E3E37E0} = {08D42DBF-DAD3-4D9D-BDD0-E92F2F6C1768}
		{19A89037-B346-442F-813B-D6E062865629} = {08D42DBF-DAD3-4D9D-BDD0-E92F2F6C1768}
		{1D1FF455-5919-443E-A54F-659EEB0598EE} = {4486C377-15A2-45C0-B2D8-5A291FF2124E}
		{660C7B65-6F5E-423A-BDAE-F51865ABA29C} = {4486C377-15A2-45C0-B2D8-5A291FF2124E}
		{546AB435-0358-4A07-B660-AC54E6D6BB65} = {4486C377-15A2-45C0-B2D8-5A291FF2124E}
		{C40C0385-4BE3-4E7E-B732-058DC3F6338A} = {4486C377-15A2-45C0-B2D8-5A291FF2124E}
		{D2FA8552-8ADA-43FA-8E23-B77681728A70} = {22E88B90-5440-44FD-92F0-F7EDE99B6ED4}
		{C0922B24-997B-4B31-BFE6-12BA8AE4F20A} = {22E88B90-5440-44FD-92F0-F7EDE99B6ED4}
		{53023134-90FD-43C1-B022-1E50BFBA736C} = {1D1FF455-5919-443E-A54F-659EEB0598EE}
		{5AFA700A-8453-4209-8C0C-589924A59E0C} = {1D1FF455-5919-443E-A54F-659EEB0598EE}
		{509CE046-1916-4114-8442-DB01A85EB612} = {1D1FF455-5919-443E-A54F-659EEB0598EE}
		{277BEC40-05C3-4389-B31A-76AA06127DFE} = {53023134-90FD-43C1-B022-1E50BFBA736C}
		{518C9D36-2FCE-4C79-89CF-8BA84098C599} = {53023134-90FD-43C1-B022-1E50BFBA736C}
		{19F5FD15-A03B-4B43-A5D1-BD11D089B508} = {5AFA700A-8453-4209-8C0C-589924A59E0C}
		{5A253CA1-98E9-4962-BFEB-6116392EFF34} = {509CE046-1916-4114-8442-DB01A85EB612}
		{DFAD4C34-C43F-4CE0-8BB4-9982819F53DA} = {660C7B65-6F5E-423A-BDAE-F51865ABA29C}
		{519C070D-2F1B-44AF-9689-E76984BC44A7} = {DFAD4C34-C43F-4CE0-8BB4-9982819F53DA}
		{89063529-C87C-4886-942D-DC4B3E91EE2A} = {546AB435-0358-4A07-B660-AC54E6D6BB65}
		{B19EF4FA-E51C-48D1-A838-CCA89A8E0119} = {546AB435-0358-4A07-B660-AC54E6D6BB65}
		{D64A6449-D70E-4859-B612-47A98DC2E425} = {89063529-C87C-4886-942D-DC4B3E91EE2A}
		{DBAF0EAC-3BAA-4AC5-9F38-C72171C41459} = {89063529-C87C-4886-942D-DC4B3E91EE2A}
		{F3819CAE-2A28-4A09-8C4C-A7C41B8CC1D1} = {89063529-C87C-4886-942D-DC4B3E91EE2A}
	EndGlobalSection
EndGlobal
